// !$*UTF8*$!
{
	archiveVersion = 1;
	classes = {
	};
	objectVersion = 46;
	objects = {

/* Begin PBXBuildFile section */
		4C51983315E409020007B804 /* UIKit.framework in Frameworks */ = {isa = PBXBuildFile; fileRef = 4C51983215E409020007B804 /* UIKit.framework */; };
		4C51983515E409020007B804 /* Foundation.framework in Frameworks */ = {isa = PBXBuildFile; fileRef = 4C51983415E409020007B804 /* Foundation.framework */; };
		4C51983715E409020007B804 /* CoreGraphics.framework in Frameworks */ = {isa = PBXBuildFile; fileRef = 4C51983615E409020007B804 /* CoreGraphics.framework */; };
		4C51983D15E409020007B804 /* InfoPlist.strings in Resources */ = {isa = PBXBuildFile; fileRef = 4C51983B15E409020007B804 /* InfoPlist.strings */; };
		4C51983F15E409020007B804 /* main.m in Sources */ = {isa = PBXBuildFile; fileRef = 4C51983E15E409020007B804 /* main.m */; };
		4C51984315E409020007B804 /* SmileAppDelegate.m in Sources */ = {isa = PBXBuildFile; fileRef = 4C51984215E409020007B804 /* SmileAppDelegate.m */; };
		4C51984B15E409E40007B804 /* SmileView.m in Sources */ = {isa = PBXBuildFile; fileRef = 4C51984A15E409E40007B804 /* SmileView.m */; };
		4C51984F15E41BDF0007B804 /* SmileViewController.m in Sources */ = {isa = PBXBuildFile; fileRef = 4C51984D15E41BDF0007B804 /* SmileViewController.m */; };
		4C51985015E41BDF0007B804 /* SmileViewController.xib in Resources */ = {isa = PBXBuildFile; fileRef = 4C51984E15E41BDF0007B804 /* SmileViewController.xib */; };
/* End PBXBuildFile section */

/* Begin PBXFileReference section */
		4C51982E15E409020007B804 /* Smile.app */ = {isa = PBXFileReference; explicitFileType = wrapper.application; includeInIndex = 0; path = Smile.app; sourceTree = BUILT_PRODUCTS_DIR; };
		4C51983215E409020007B804 /* UIKit.framework */ = {isa = PBXFileReference; lastKnownFileType = wrapper.framework; name = UIKit.framework; path = System/Library/Frameworks/UIKit.framework; sourceTree = SDKROOT; };
		4C51983415E409020007B804 /* Foundation.framework */ = {isa = PBXFileReference; lastKnownFileType = wrapper.framework; name = Foundation.framework; path = System/Library/Frameworks/Foundation.framework; sourceTree = SDKROOT; };
		4C51983615E409020007B804 /* CoreGraphics.framework */ = {isa = PBXFileReference; lastKnownFileType = wrapper.framework; name = CoreGraphics.framework; path = System/Library/Frameworks/CoreGraphics.framework; sourceTree = SDKROOT; };
		4C51983A15E409020007B804 /* Smile-Info.plist */ = {isa = PBXFileReference; lastKnownFileType = text.plist.xml; path = "Smile-Info.plist"; sourceTree = "<group>"; };
		4C51983C15E409020007B804 /* en */ = {isa = PBXFileReference; lastKnownFileType = text.plist.strings; name = en; path = en.lproj/InfoPlist.strings; sourceTree = "<group>"; };
		4C51983E15E409020007B804 /* main.m */ = {isa = PBXFileReference; lastKnownFileType = sourcecode.c.objc; path = main.m; sourceTree = "<group>"; };
		4C51984015E409020007B804 /* Smile-Prefix.pch */ = {isa = PBXFileReference; lastKnownFileType = sourcecode.c.h; path = "Smile-Prefix.pch"; sourceTree = "<group>"; };
		4C51984115E409020007B804 /* SmileAppDelegate.h */ = {isa = PBXFileReference; lastKnownFileType = sourcecode.c.h; path = SmileAppDelegate.h; sourceTree = "<group>"; };
		4C51984215E409020007B804 /* SmileAppDelegate.m */ = {isa = PBXFileReference; lastKnownFileType = sourcecode.c.objc; path = SmileAppDelegate.m; sourceTree = "<group>"; };
		4C51984915E409E40007B804 /* SmileView.h */ = {isa = PBXFileReference; fileEncoding = 4; lastKnownFileType = sourcecode.c.h; path = SmileView.h; sourceTree = "<group>"; };
		4C51984A15E409E40007B804 /* SmileView.m */ = {isa = PBXFileReference; fileEncoding = 4; lastKnownFileType = sourcecode.c.objc; path = SmileView.m; sourceTree = "<group>"; };
		4C51984C15E41BDF0007B804 /* SmileViewController.h */ = {isa = PBXFileReference; fileEncoding = 4; lastKnownFileType = sourcecode.c.h; path = SmileViewController.h; sourceTree = "<group>"; };
		4C51984D15E41BDF0007B804 /* SmileViewController.m */ = {isa = PBXFileReference; fileEncoding = 4; lastKnownFileType = sourcecode.c.objc; path = SmileViewController.m; sourceTree = "<group>"; };
		4C51984E15E41BDF0007B804 /* SmileViewController.xib */ = {isa = PBXFileReference; fileEncoding = 4; lastKnownFileType = file.xib; path = SmileViewController.xib; sourceTree = "<group>"; };
/* End PBXFileReference section */

/* Begin PBXFrameworksBuildPhase section */
		4C51982B15E409020007B804 /* Frameworks */ = {
			isa = PBXFrameworksBuildPhase;
			buildActionMask = 2147483647;
			files = (
				4C51983315E409020007B804 /* UIKit.framework in Frameworks */,
				4C51983515E409020007B804 /* Foundation.framework in Frameworks */,
				4C51983715E409020007B804 /* CoreGraphics.framework in Frameworks */,
			);
			runOnlyForDeploymentPostprocessing = 0;
		};
/* End PBXFrameworksBuildPhase section */

/* Begin PBXGroup section */
		4C51982315E409020007B804 = {
			isa = PBXGroup;
			children = (
				4C51983815E409020007B804 /* Smile */,
				4C51983115E409020007B804 /* Frameworks */,
				4C51982F15E409020007B804 /* Products */,
			);
			sourceTree = "<group>";
		};
		4C51982F15E409020007B804 /* Products */ = {
			isa = PBXGroup;
			children = (
				4C51982E15E409020007B804 /* Smile.app */,
			);
			name = Products;
			sourceTree = "<group>";
		};
		4C51983115E409020007B804 /* Frameworks */ = {
			isa = PBXGroup;
			children = (
				4C51983215E409020007B804 /* UIKit.framework */,
				4C51983415E409020007B804 /* Foundation.framework */,
				4C51983615E409020007B804 /* CoreGraphics.framework */,
			);
			name = Frameworks;
			sourceTree = "<group>";
		};
		4C51983815E409020007B804 /* Smile */ = {
			isa = PBXGroup;
			children = (
				4C51984115E409020007B804 /* SmileAppDelegate.h */,
				4C51984215E409020007B804 /* SmileAppDelegate.m */,
				4C51984C15E41BDF0007B804 /* SmileViewController.h */,
				4C51984D15E41BDF0007B804 /* SmileViewController.m */,
				4C51984E15E41BDF0007B804 /* SmileViewController.xib */,
				4C51984915E409E40007B804 /* SmileView.h */,
				4C51984A15E409E40007B804 /* SmileView.m */,
				4C51983915E409020007B804 /* Supporting Files */,
			);
			path = Smile;
			sourceTree = "<group>";
		};
		4C51983915E409020007B804 /* Supporting Files */ = {
			isa = PBXGroup;
			children = (
				4C51983A15E409020007B804 /* Smile-Info.plist */,
				4C51983B15E409020007B804 /* InfoPlist.strings */,
				4C51983E15E409020007B804 /* main.m */,
				4C51984015E409020007B804 /* Smile-Prefix.pch */,
			);
			name = "Supporting Files";
			sourceTree = "<group>";
		};
/* End PBXGroup section */

/* Begin PBXNativeTarget section */
		4C51982D15E409020007B804 /* Smile */ = {
			isa = PBXNativeTarget;
			buildConfigurationList = 4C51984615E409020007B804 /* Build configuration list for PBXNativeTarget "Smile" */;
			buildPhases = (
				4C51982A15E409020007B804 /* Sources */,
				4C51982B15E409020007B804 /* Frameworks */,
				4C51982C15E409020007B804 /* Resources */,
			);
			buildRules = (
			);
			dependencies = (
			);
			name = Smile;
			productName = Smile;
			productReference = 4C51982E15E409020007B804 /* Smile.app */;
			productType = "com.apple.product-type.application";
		};
/* End PBXNativeTarget section */

/* Begin PBXProject section */
		4C51982515E409020007B804 /* Project object */ = {
			isa = PBXProject;
			attributes = {
				CLASSPREFIX = Smile;
				LastUpgradeCheck = 0440;
				ORGANIZATIONNAME = "Jonathan Tamboer";
			};
			buildConfigurationList = 4C51982815E409020007B804 /* Build configuration list for PBXProject "Smile" */;
			compatibilityVersion = "Xcode 3.2";
			developmentRegion = English;
			hasScannedForEncodings = 0;
			knownRegions = (
				en,
			);
			mainGroup = 4C51982315E409020007B804;
			productRefGroup = 4C51982F15E409020007B804 /* Products */;
			projectDirPath = "";
			projectRoot = "";
			targets = (
				4C51982D15E409020007B804 /* Smile */,
			);
		};
/* End PBXProject section */

/* Begin PBXResourcesBuildPhase section */
		4C51982C15E409020007B804 /* Resources */ = {
			isa = PBXResourcesBuildPhase;
			buildActionMask = 2147483647;
			files = (
				4C51983D15E409020007B804 /* InfoPlist.strings in Resources */,
				4C51985015E41BDF0007B804 /* SmileViewController.xib in Resources */,
			);
			runOnlyForDeploymentPostprocessing = 0;
		};
/* End PBXResourcesBuildPhase section */

/* Begin PBXSourcesBuildPhase section */
		4C51982A15E409020007B804 /* Sources */ = {
			isa = PBXSourcesBuildPhase;
			buildActionMask = 2147483647;
			files = (
				4C51983F15E409020007B804 /* main.m in Sources */,
				4C51984315E409020007B804 /* SmileAppDelegate.m in Sources */,
				4C51984B15E409E40007B804 /* SmileView.m in Sources */,
				4C51984F15E41BDF0007B804 /* SmileViewController.m in Sources */,
			);
			runOnlyForDeploymentPostprocessing = 0;
		};
/* End PBXSourcesBuildPhase section */

/* Begin PBXVariantGroup section */
		4C51983B15E409020007B804 /* InfoPlist.strings */ = {
			isa = PBXVariantGroup;
			children = (
				4C51983C15E409020007B804 /* en */,
			);
			name = InfoPlist.strings;
			sourceTree = "<group>";
		};
/* End PBXVariantGroup section */

/* Begin XCBuildConfiguration section */
		4C51984415E409020007B804 /* Debug */ = {
			isa = XCBuildConfiguration;
			buildSettings = {
				ALWAYS_SEARCH_USER_PATHS = NO;
				ARCHS = "$(ARCHS_STANDARD_32_BIT)";
				CLANG_CXX_LANGUAGE_STANDARD = "gnu++0x";
				CLANG_ENABLE_OBJC_ARC = YES;
				CLANG_WARN__DUPLICATE_METHOD_MATCH = YES;
				"CODE_SIGN_IDENTITY[sdk=iphoneos*]" = "iPhone Developer";
				COPY_PHASE_STRIP = NO;
				GCC_C_LANGUAGE_STANDARD = gnu99;
				GCC_DYNAMIC_NO_PIC = NO;
				GCC_OPTIMIZATION_LEVEL = 0;
				GCC_PREPROCESSOR_DEFINITIONS = (
					"DEBUG=1",
					"$(inherited)",
				);
				GCC_SYMBOLS_PRIVATE_EXTERN = NO;
				GCC_VERSION = com.apple.compilers.llvm.clang.1_0;
				GCC_WARN_ABOUT_RETURN_TYPE = YES;
				GCC_WARN_UNINITIALIZED_AUTOS = YES;
				GCC_WARN_UNUSED_VARIABLE = YES;
				IPHONEOS_DEPLOYMENT_TARGET = 5.1;
				SDKROOT = iphoneos;
			};
			name = Debug;
		};
		4C51984515E409020007B804 /* Release */ = {
			isa = XCBuildConfiguration;
			buildSettings = {
				ALWAYS_SEARCH_USER_PATHS = NO;
				ARCHS = "$(ARCHS_STANDARD_32_BIT)";
				CLANG_CXX_LANGUAGE_STANDARD = "gnu++0x";
				CLANG_ENABLE_OBJC_ARC = YES;
				CLANG_WARN__DUPLICATE_METHOD_MATCH = YES;
				"CODE_SIGN_IDENTITY[sdk=iphoneos*]" = "iPhone Developer";
				COPY_PHASE_STRIP = YES;
				GCC_C_LANGUAGE_STANDARD = gnu99;
				GCC_VERSION = com.apple.compilers.llvm.clang.1_0;
				GCC_WARN_ABOUT_RETURN_TYPE = YES;
				GCC_WARN_UNINITIALIZED_AUTOS = YES;
				GCC_WARN_UNUSED_VARIABLE = YES;
				IPHONEOS_DEPLOYMENT_TARGET = 5.1;
				OTHER_CFLAGS = "-DNS_BLOCK_ASSERTIONS=1";
				SDKROOT = iphoneos;
				VALIDATE_PRODUCT = YES;
			};
			name = Release;
		};
		4C51984715E409020007B804 /* Debug */ = {
			isa = XCBuildConfiguration;
			buildSettings = {
				GCC_PRECOMPILE_PREFIX_HEADER = YES;
				GCC_PREFIX_HEADER = "Smile/Smile-Prefix.pch";
				INFOPLIST_FILE = "Smile/Smile-Info.plist";
				PRODUCT_NAME = "$(TARGET_NAME)";
				WRAPPER_EXTENSION = app;
			};
			name = Debug;
		};
		4C51984815E409020007B804 /* Release */ = {
			isa = XCBuildConfiguration;
			buildSettings = {
				GCC_PRECOMPILE_PREFIX_HEADER = YES;
				GCC_PREFIX_HEADER = "Smile/Smile-Prefix.pch";
				INFOPLIST_FILE = "Smile/Smile-Info.plist";
				PRODUCT_NAME = "$(TARGET_NAME)";
				WRAPPER_EXTENSION = app;
			};
			name = Release;
		};
/* End XCBuildConfiguration section */

/* Begin XCConfigurationList section */
		4C51982815E409020007B804 /* Build configuration list for PBXProject "Smile" */ = {
			isa = XCConfigurationList;
			buildConfigurations = (
				4C51984415E409020007B804 /* Debug */,
				4C51984515E409020007B804 /* Release */,
			);
			defaultConfigurationIsVisible = 0;
			defaultConfigurationName = Release;
		};
		4C51984615E409020007B804 /* Build configuration list for PBXNativeTarget "Smile" */ = {
			isa = XCConfigurationList;
			buildConfigurations = (
				4C51984715E409020007B804 /* Debug */,
				4C51984815E409020007B804 /* Release */,
			);
			defaultConfigurationIsVisible = 0;
		};
/* End XCConfigurationList section */
	};
	rootObject = 4C51982515E409020007B804 /* Project object */;
}
