// !$*UTF8*$!
{
	archiveVersion = 1;
	classes = {
	};
	objectVersion = 46;
	objects = {

/* Begin PBXBuildFile section */
		9A03AF5515E6B78000335E1D /* UIKit.framework in Frameworks */ = {isa = PBXBuildFile; fileRef = 9A03AF5415E6B78000335E1D /* UIKit.framework */; };
		9A03AF5715E6B78000335E1D /* Foundation.framework in Frameworks */ = {isa = PBXBuildFile; fileRef = 9A03AF5615E6B78000335E1D /* Foundation.framework */; };
		9A03AF5915E6B78000335E1D /* CoreGraphics.framework in Frameworks */ = {isa = PBXBuildFile; fileRef = 9A03AF5815E6B78000335E1D /* CoreGraphics.framework */; };
		9A03AF5F15E6B78000335E1D /* InfoPlist.strings in Resources */ = {isa = PBXBuildFile; fileRef = 9A03AF5D15E6B78000335E1D /* InfoPlist.strings */; };
		9A03AF6115E6B78000335E1D /* main.m in Sources */ = {isa = PBXBuildFile; fileRef = 9A03AF6015E6B78000335E1D /* main.m */; };
		9A03AF6515E6B78000335E1D /* AppDelegate.m in Sources */ = {isa = PBXBuildFile; fileRef = 9A03AF6415E6B78000335E1D /* AppDelegate.m */; };
		9A03AF6C15E6B80A00335E1D /* Asteroids Spec.md in Resources */ = {isa = PBXBuildFile; fileRef = 9A03AF6B15E6B80A00335E1D /* Asteroids Spec.md */; };
		9A03AF6E15E6B8F600335E1D /* QuartzCore.framework in Frameworks */ = {isa = PBXBuildFile; fileRef = 9A03AF6D15E6B8F600335E1D /* QuartzCore.framework */; };
		9A03AF7115E6F5B300335E1D /* Asteroid.m in Sources */ = {isa = PBXBuildFile; fileRef = 9A03AF7015E6F5B300335E1D /* Asteroid.m */; };
		9A03AF7415E6F75B00335E1D /* GameView.m in Sources */ = {isa = PBXBuildFile; fileRef = 9A03AF7315E6F75B00335E1D /* GameView.m */; };
		9A03AF7715E70DC100335E1D /* Ship.m in Sources */ = {isa = PBXBuildFile; fileRef = 9A03AF7615E70DC100335E1D /* Ship.m */; };
/* End PBXBuildFile section */

/* Begin PBXFileReference section */
		9A03AF5015E6B78000335E1D /* Asteroids.app */ = {isa = PBXFileReference; explicitFileType = wrapper.application; includeInIndex = 0; path = Asteroids.app; sourceTree = BUILT_PRODUCTS_DIR; };
		9A03AF5415E6B78000335E1D /* UIKit.framework */ = {isa = PBXFileReference; lastKnownFileType = wrapper.framework; name = UIKit.framework; path = System/Library/Frameworks/UIKit.framework; sourceTree = SDKROOT; };
		9A03AF5615E6B78000335E1D /* Foundation.framework */ = {isa = PBXFileReference; lastKnownFileType = wrapper.framework; name = Foundation.framework; path = System/Library/Frameworks/Foundation.framework; sourceTree = SDKROOT; };
		9A03AF5815E6B78000335E1D /* CoreGraphics.framework */ = {isa = PBXFileReference; lastKnownFileType = wrapper.framework; name = CoreGraphics.framework; path = System/Library/Frameworks/CoreGraphics.framework; sourceTree = SDKROOT; };
		9A03AF5C15E6B78000335E1D /* Asteroids-Info.plist */ = {isa = PBXFileReference; lastKnownFileType = text.plist.xml; path = "Asteroids-Info.plist"; sourceTree = "<group>"; };
		9A03AF5E15E6B78000335E1D /* en */ = {isa = PBXFileReference; lastKnownFileType = text.plist.strings; name = en; path = en.lproj/InfoPlist.strings; sourceTree = "<group>"; };
		9A03AF6015E6B78000335E1D /* main.m */ = {isa = PBXFileReference; lastKnownFileType = sourcecode.c.objc; path = main.m; sourceTree = "<group>"; };
		9A03AF6215E6B78000335E1D /* Asteroids-Prefix.pch */ = {isa = PBXFileReference; lastKnownFileType = sourcecode.c.h; path = "Asteroids-Prefix.pch"; sourceTree = "<group>"; };
		9A03AF6315E6B78000335E1D /* AppDelegate.h */ = {isa = PBXFileReference; lastKnownFileType = sourcecode.c.h; path = AppDelegate.h; sourceTree = "<group>"; };
		9A03AF6415E6B78000335E1D /* AppDelegate.m */ = {isa = PBXFileReference; lastKnownFileType = sourcecode.c.objc; path = AppDelegate.m; sourceTree = "<group>"; };
		9A03AF6B15E6B80A00335E1D /* Asteroids Spec.md */ = {isa = PBXFileReference; fileEncoding = 4; lastKnownFileType = text; path = "Asteroids Spec.md"; sourceTree = "<group>"; };
		9A03AF6D15E6B8F600335E1D /* QuartzCore.framework */ = {isa = PBXFileReference; lastKnownFileType = wrapper.framework; name = QuartzCore.framework; path = System/Library/Frameworks/QuartzCore.framework; sourceTree = SDKROOT; };
		9A03AF6F15E6F5B300335E1D /* Asteroid.h */ = {isa = PBXFileReference; fileEncoding = 4; lastKnownFileType = sourcecode.c.h; path = Asteroid.h; sourceTree = "<group>"; };
		9A03AF7015E6F5B300335E1D /* Asteroid.m */ = {isa = PBXFileReference; fileEncoding = 4; lastKnownFileType = sourcecode.c.objc; path = Asteroid.m; sourceTree = "<group>"; };
		9A03AF7215E6F75B00335E1D /* GameView.h */ = {isa = PBXFileReference; fileEncoding = 4; lastKnownFileType = sourcecode.c.h; path = GameView.h; sourceTree = "<group>"; };
		9A03AF7315E6F75B00335E1D /* GameView.m */ = {isa = PBXFileReference; fileEncoding = 4; lastKnownFileType = sourcecode.c.objc; path = GameView.m; sourceTree = "<group>"; };
		9A03AF7515E70DC100335E1D /* Ship.h */ = {isa = PBXFileReference; fileEncoding = 4; lastKnownFileType = sourcecode.c.h; path = Ship.h; sourceTree = "<group>"; };
		9A03AF7615E70DC100335E1D /* Ship.m */ = {isa = PBXFileReference; fileEncoding = 4; lastKnownFileType = sourcecode.c.objc; path = Ship.m; sourceTree = "<group>"; };
/* End PBXFileReference section */

/* Begin PBXFrameworksBuildPhase section */
		9A03AF4D15E6B78000335E1D /* Frameworks */ = {
			isa = PBXFrameworksBuildPhase;
			buildActionMask = 2147483647;
			files = (
				9A03AF6E15E6B8F600335E1D /* QuartzCore.framework in Frameworks */,
				9A03AF5515E6B78000335E1D /* UIKit.framework in Frameworks */,
				9A03AF5715E6B78000335E1D /* Foundation.framework in Frameworks */,
				9A03AF5915E6B78000335E1D /* CoreGraphics.framework in Frameworks */,
			);
			runOnlyForDeploymentPostprocessing = 0;
		};
/* End PBXFrameworksBuildPhase section */

/* Begin PBXGroup section */
		9A03AF4515E6B78000335E1D = {
			isa = PBXGroup;
			children = (
				9A03AF5A15E6B78000335E1D /* Asteroids */,
				9A03AF5315E6B78000335E1D /* Frameworks */,
				9A03AF5115E6B78000335E1D /* Products */,
			);
			sourceTree = "<group>";
		};
		9A03AF5115E6B78000335E1D /* Products */ = {
			isa = PBXGroup;
			children = (
				9A03AF5015E6B78000335E1D /* Asteroids.app */,
			);
			name = Products;
			sourceTree = "<group>";
		};
		9A03AF5315E6B78000335E1D /* Frameworks */ = {
			isa = PBXGroup;
			children = (
				9A03AF6D15E6B8F600335E1D /* QuartzCore.framework */,
				9A03AF5415E6B78000335E1D /* UIKit.framework */,
				9A03AF5615E6B78000335E1D /* Foundation.framework */,
				9A03AF5815E6B78000335E1D /* CoreGraphics.framework */,
			);
			name = Frameworks;
			sourceTree = "<group>";
		};
		9A03AF5A15E6B78000335E1D /* Asteroids */ = {
			isa = PBXGroup;
			children = (
				9A03AF6B15E6B80A00335E1D /* Asteroids Spec.md */,
				9A03AF7515E70DC100335E1D /* Ship.h */,
				9A03AF7615E70DC100335E1D /* Ship.m */,
				9A03AF6F15E6F5B300335E1D /* Asteroid.h */,
				9A03AF7015E6F5B300335E1D /* Asteroid.m */,
				9A03AF7215E6F75B00335E1D /* GameView.h */,
				9A03AF7315E6F75B00335E1D /* GameView.m */,
				9A03AF6315E6B78000335E1D /* AppDelegate.h */,
				9A03AF6415E6B78000335E1D /* AppDelegate.m */,
				9A03AF5B15E6B78000335E1D /* Supporting Files */,
			);
			path = Asteroids;
			sourceTree = "<group>";
		};
		9A03AF5B15E6B78000335E1D /* Supporting Files */ = {
			isa = PBXGroup;
			children = (
				9A03AF5C15E6B78000335E1D /* Asteroids-Info.plist */,
				9A03AF5D15E6B78000335E1D /* InfoPlist.strings */,
				9A03AF6015E6B78000335E1D /* main.m */,
				9A03AF6215E6B78000335E1D /* Asteroids-Prefix.pch */,
			);
			name = "Supporting Files";
			sourceTree = "<group>";
		};
/* End PBXGroup section */

/* Begin PBXNativeTarget section */
		9A03AF4F15E6B78000335E1D /* Asteroids */ = {
			isa = PBXNativeTarget;
			buildConfigurationList = 9A03AF6815E6B78000335E1D /* Build configuration list for PBXNativeTarget "Asteroids" */;
			buildPhases = (
				9A03AF4C15E6B78000335E1D /* Sources */,
				9A03AF4D15E6B78000335E1D /* Frameworks */,
				9A03AF4E15E6B78000335E1D /* Resources */,
			);
			buildRules = (
			);
			dependencies = (
			);
			name = Asteroids;
			productName = Asteroids;
			productReference = 9A03AF5015E6B78000335E1D /* Asteroids.app */;
			productType = "com.apple.product-type.application";
		};
/* End PBXNativeTarget section */

/* Begin PBXProject section */
		9A03AF4715E6B78000335E1D /* Project object */ = {
			isa = PBXProject;
			attributes = {
				LastUpgradeCheck = 0440;
				ORGANIZATIONNAME = ChiefSquanto;
			};
			buildConfigurationList = 9A03AF4A15E6B78000335E1D /* Build configuration list for PBXProject "Asteroids" */;
			compatibilityVersion = "Xcode 3.2";
			developmentRegion = English;
			hasScannedForEncodings = 0;
			knownRegions = (
				en,
			);
			mainGroup = 9A03AF4515E6B78000335E1D;
			productRefGroup = 9A03AF5115E6B78000335E1D /* Products */;
			projectDirPath = "";
			projectRoot = "";
			targets = (
				9A03AF4F15E6B78000335E1D /* Asteroids */,
			);
		};
/* End PBXProject section */

/* Begin PBXResourcesBuildPhase section */
		9A03AF4E15E6B78000335E1D /* Resources */ = {
			isa = PBXResourcesBuildPhase;
			buildActionMask = 2147483647;
			files = (
				9A03AF5F15E6B78000335E1D /* InfoPlist.strings in Resources */,
				9A03AF6C15E6B80A00335E1D /* Asteroids Spec.md in Resources */,
			);
			runOnlyForDeploymentPostprocessing = 0;
		};
/* End PBXResourcesBuildPhase section */

/* Begin PBXSourcesBuildPhase section */
		9A03AF4C15E6B78000335E1D /* Sources */ = {
			isa = PBXSourcesBuildPhase;
			buildActionMask = 2147483647;
			files = (
				9A03AF6115E6B78000335E1D /* main.m in Sources */,
				9A03AF6515E6B78000335E1D /* AppDelegate.m in Sources */,
				9A03AF7115E6F5B300335E1D /* Asteroid.m in Sources */,
				9A03AF7415E6F75B00335E1D /* GameView.m in Sources */,
				9A03AF7715E70DC100335E1D /* Ship.m in Sources */,
			);
			runOnlyForDeploymentPostprocessing = 0;
		};
/* End PBXSourcesBuildPhase section */

/* Begin PBXVariantGroup section */
		9A03AF5D15E6B78000335E1D /* InfoPlist.strings */ = {
			isa = PBXVariantGroup;
			children = (
				9A03AF5E15E6B78000335E1D /* en */,
			);
			name = InfoPlist.strings;
			sourceTree = "<group>";
		};
/* End PBXVariantGroup section */

/* Begin XCBuildConfiguration section */
		9A03AF6615E6B78000335E1D /* Debug */ = {
			isa = XCBuildConfiguration;
			buildSettings = {
				ALWAYS_SEARCH_USER_PATHS = NO;
				ARCHS = "$(ARCHS_STANDARD_32_BIT)";
				CLANG_CXX_LANGUAGE_STANDARD = "gnu++0x";
				CLANG_ENABLE_OBJC_ARC = YES;
				CLANG_WARN__DUPLICATE_METHOD_MATCH = YES;
				"CODE_SIGN_IDENTITY[sdk=iphoneos*]" = "iPhone Developer";
				COPY_PHASE_STRIP = NO;
				GCC_C_LANGUAGE_STANDARD = gnu99;
				GCC_DYNAMIC_NO_PIC = NO;
				GCC_OPTIMIZATION_LEVEL = 0;
				GCC_PREPROCESSOR_DEFINITIONS = (
					"DEBUG=1",
					"$(inherited)",
				);
				GCC_SYMBOLS_PRIVATE_EXTERN = NO;
				GCC_VERSION = com.apple.compilers.llvm.clang.1_0;
				GCC_WARN_ABOUT_RETURN_TYPE = YES;
				GCC_WARN_UNINITIALIZED_AUTOS = YES;
				GCC_WARN_UNUSED_VARIABLE = YES;
				IPHONEOS_DEPLOYMENT_TARGET = 5.1;
				SDKROOT = iphoneos;
			};
			name = Debug;
		};
		9A03AF6715E6B78000335E1D /* Release */ = {
			isa = XCBuildConfiguration;
			buildSettings = {
				ALWAYS_SEARCH_USER_PATHS = NO;
				ARCHS = "$(ARCHS_STANDARD_32_BIT)";
				CLANG_CXX_LANGUAGE_STANDARD = "gnu++0x";
				CLANG_ENABLE_OBJC_ARC = YES;
				CLANG_WARN__DUPLICATE_METHOD_MATCH = YES;
				"CODE_SIGN_IDENTITY[sdk=iphoneos*]" = "iPhone Developer";
				COPY_PHASE_STRIP = YES;
				GCC_C_LANGUAGE_STANDARD = gnu99;
				GCC_VERSION = com.apple.compilers.llvm.clang.1_0;
				GCC_WARN_ABOUT_RETURN_TYPE = YES;
				GCC_WARN_UNINITIALIZED_AUTOS = YES;
				GCC_WARN_UNUSED_VARIABLE = YES;
				IPHONEOS_DEPLOYMENT_TARGET = 5.1;
				OTHER_CFLAGS = "-DNS_BLOCK_ASSERTIONS=1";
				SDKROOT = iphoneos;
				VALIDATE_PRODUCT = YES;
			};
			name = Release;
		};
		9A03AF6915E6B78000335E1D /* Debug */ = {
			isa = XCBuildConfiguration;
			buildSettings = {
				GCC_PRECOMPILE_PREFIX_HEADER = YES;
				GCC_PREFIX_HEADER = "Asteroids/Asteroids-Prefix.pch";
				INFOPLIST_FILE = "Asteroids/Asteroids-Info.plist";
				PRODUCT_NAME = "$(TARGET_NAME)";
				WRAPPER_EXTENSION = app;
			};
			name = Debug;
		};
		9A03AF6A15E6B78000335E1D /* Release */ = {
			isa = XCBuildConfiguration;
			buildSettings = {
				GCC_PRECOMPILE_PREFIX_HEADER = YES;
				GCC_PREFIX_HEADER = "Asteroids/Asteroids-Prefix.pch";
				INFOPLIST_FILE = "Asteroids/Asteroids-Info.plist";
				PRODUCT_NAME = "$(TARGET_NAME)";
				WRAPPER_EXTENSION = app;
			};
			name = Release;
		};
/* End XCBuildConfiguration section */

/* Begin XCConfigurationList section */
		9A03AF4A15E6B78000335E1D /* Build configuration list for PBXProject "Asteroids" */ = {
			isa = XCConfigurationList;
			buildConfigurations = (
				9A03AF6615E6B78000335E1D /* Debug */,
				9A03AF6715E6B78000335E1D /* Release */,
			);
			defaultConfigurationIsVisible = 0;
			defaultConfigurationName = Release;
		};
		9A03AF6815E6B78000335E1D /* Build configuration list for PBXNativeTarget "Asteroids" */ = {
			isa = XCConfigurationList;
			buildConfigurations = (
				9A03AF6915E6B78000335E1D /* Debug */,
				9A03AF6A15E6B78000335E1D /* Release */,
			);
			defaultConfigurationIsVisible = 0;
		};
/* End XCConfigurationList section */
	};
	rootObject = 9A03AF4715E6B78000335E1D /* Project object */;
}
