// !$*UTF8*$!
{
	archiveVersion = 1;
	classes = {
	};
	objectVersion = 46;
	objects = {

/* Begin PBXBuildFile section */
		9A95F9F615EB31CE004A116D /* UIKit.framework in Frameworks */ = {isa = PBXBuildFile; fileRef = 9A95F9F515EB31CE004A116D /* UIKit.framework */; };
		9A95F9F815EB31CE004A116D /* Foundation.framework in Frameworks */ = {isa = PBXBuildFile; fileRef = 9A95F9F715EB31CE004A116D /* Foundation.framework */; };
		9A95F9FA15EB31CE004A116D /* CoreGraphics.framework in Frameworks */ = {isa = PBXBuildFile; fileRef = 9A95F9F915EB31CE004A116D /* CoreGraphics.framework */; };
		9A95FA0015EB31CE004A116D /* InfoPlist.strings in Resources */ = {isa = PBXBuildFile; fileRef = 9A95F9FE15EB31CE004A116D /* InfoPlist.strings */; };
		9A95FA0215EB31CE004A116D /* main.m in Sources */ = {isa = PBXBuildFile; fileRef = 9A95FA0115EB31CE004A116D /* main.m */; };
		9A95FA0615EB31CE004A116D /* AppDelegate.m in Sources */ = {isa = PBXBuildFile; fileRef = 9A95FA0515EB31CE004A116D /* AppDelegate.m */; };
		9A95FA0E15EB3210004A116D /* TestViewController.m in Sources */ = {isa = PBXBuildFile; fileRef = 9A95FA0D15EB3210004A116D /* TestViewController.m */; };
		9A95FA1115EB3238004A116D /* YoutubeView.m in Sources */ = {isa = PBXBuildFile; fileRef = 9A95FA1015EB3238004A116D /* YoutubeView.m */; };
/* End PBXBuildFile section */

/* Begin PBXFileReference section */
		9A95F9F115EB31CE004A116D /* youtubeTester.app */ = {isa = PBXFileReference; explicitFileType = wrapper.application; includeInIndex = 0; path = youtubeTester.app; sourceTree = BUILT_PRODUCTS_DIR; };
		9A95F9F515EB31CE004A116D /* UIKit.framework */ = {isa = PBXFileReference; lastKnownFileType = wrapper.framework; name = UIKit.framework; path = System/Library/Frameworks/UIKit.framework; sourceTree = SDKROOT; };
		9A95F9F715EB31CE004A116D /* Foundation.framework */ = {isa = PBXFileReference; lastKnownFileType = wrapper.framework; name = Foundation.framework; path = System/Library/Frameworks/Foundation.framework; sourceTree = SDKROOT; };
		9A95F9F915EB31CE004A116D /* CoreGraphics.framework */ = {isa = PBXFileReference; lastKnownFileType = wrapper.framework; name = CoreGraphics.framework; path = System/Library/Frameworks/CoreGraphics.framework; sourceTree = SDKROOT; };
		9A95F9FD15EB31CE004A116D /* youtubeTester-Info.plist */ = {isa = PBXFileReference; lastKnownFileType = text.plist.xml; path = "youtubeTester-Info.plist"; sourceTree = "<group>"; };
		9A95F9FF15EB31CE004A116D /* en */ = {isa = PBXFileReference; lastKnownFileType = text.plist.strings; name = en; path = en.lproj/InfoPlist.strings; sourceTree = "<group>"; };
		9A95FA0115EB31CE004A116D /* main.m */ = {isa = PBXFileReference; lastKnownFileType = sourcecode.c.objc; path = main.m; sourceTree = "<group>"; };
		9A95FA0315EB31CE004A116D /* youtubeTester-Prefix.pch */ = {isa = PBXFileReference; lastKnownFileType = sourcecode.c.h; path = "youtubeTester-Prefix.pch"; sourceTree = "<group>"; };
		9A95FA0415EB31CE004A116D /* AppDelegate.h */ = {isa = PBXFileReference; lastKnownFileType = sourcecode.c.h; path = AppDelegate.h; sourceTree = "<group>"; };
		9A95FA0515EB31CE004A116D /* AppDelegate.m */ = {isa = PBXFileReference; lastKnownFileType = sourcecode.c.objc; path = AppDelegate.m; sourceTree = "<group>"; };
		9A95FA0C15EB3210004A116D /* TestViewController.h */ = {isa = PBXFileReference; fileEncoding = 4; lastKnownFileType = sourcecode.c.h; path = TestViewController.h; sourceTree = "<group>"; };
		9A95FA0D15EB3210004A116D /* TestViewController.m */ = {isa = PBXFileReference; fileEncoding = 4; lastKnownFileType = sourcecode.c.objc; path = TestViewController.m; sourceTree = "<group>"; };
		9A95FA0F15EB3238004A116D /* YoutubeView.h */ = {isa = PBXFileReference; fileEncoding = 4; lastKnownFileType = sourcecode.c.h; path = YoutubeView.h; sourceTree = "<group>"; };
		9A95FA1015EB3238004A116D /* YoutubeView.m */ = {isa = PBXFileReference; fileEncoding = 4; lastKnownFileType = sourcecode.c.objc; path = YoutubeView.m; sourceTree = "<group>"; };
/* End PBXFileReference section */

/* Begin PBXFrameworksBuildPhase section */
		9A95F9EE15EB31CE004A116D /* Frameworks */ = {
			isa = PBXFrameworksBuildPhase;
			buildActionMask = 2147483647;
			files = (
				9A95F9F615EB31CE004A116D /* UIKit.framework in Frameworks */,
				9A95F9F815EB31CE004A116D /* Foundation.framework in Frameworks */,
				9A95F9FA15EB31CE004A116D /* CoreGraphics.framework in Frameworks */,
			);
			runOnlyForDeploymentPostprocessing = 0;
		};
/* End PBXFrameworksBuildPhase section */

/* Begin PBXGroup section */
		9A95F9E615EB31CE004A116D = {
			isa = PBXGroup;
			children = (
				9A95F9FB15EB31CE004A116D /* youtubeTester */,
				9A95F9F415EB31CE004A116D /* Frameworks */,
				9A95F9F215EB31CE004A116D /* Products */,
			);
			sourceTree = "<group>";
		};
		9A95F9F215EB31CE004A116D /* Products */ = {
			isa = PBXGroup;
			children = (
				9A95F9F115EB31CE004A116D /* youtubeTester.app */,
			);
			name = Products;
			sourceTree = "<group>";
		};
		9A95F9F415EB31CE004A116D /* Frameworks */ = {
			isa = PBXGroup;
			children = (
				9A95F9F515EB31CE004A116D /* UIKit.framework */,
				9A95F9F715EB31CE004A116D /* Foundation.framework */,
				9A95F9F915EB31CE004A116D /* CoreGraphics.framework */,
			);
			name = Frameworks;
			sourceTree = "<group>";
		};
		9A95F9FB15EB31CE004A116D /* youtubeTester */ = {
			isa = PBXGroup;
			children = (
				9A95FA0415EB31CE004A116D /* AppDelegate.h */,
				9A95FA0515EB31CE004A116D /* AppDelegate.m */,
				9A95FA0C15EB3210004A116D /* TestViewController.h */,
				9A95FA0D15EB3210004A116D /* TestViewController.m */,
				9A95FA0F15EB3238004A116D /* YoutubeView.h */,
				9A95FA1015EB3238004A116D /* YoutubeView.m */,
				9A95F9FC15EB31CE004A116D /* Supporting Files */,
			);
			path = youtubeTester;
			sourceTree = "<group>";
		};
		9A95F9FC15EB31CE004A116D /* Supporting Files */ = {
			isa = PBXGroup;
			children = (
				9A95F9FD15EB31CE004A116D /* youtubeTester-Info.plist */,
				9A95F9FE15EB31CE004A116D /* InfoPlist.strings */,
				9A95FA0115EB31CE004A116D /* main.m */,
				9A95FA0315EB31CE004A116D /* youtubeTester-Prefix.pch */,
			);
			name = "Supporting Files";
			sourceTree = "<group>";
		};
/* End PBXGroup section */

/* Begin PBXNativeTarget section */
		9A95F9F015EB31CE004A116D /* youtubeTester */ = {
			isa = PBXNativeTarget;
			buildConfigurationList = 9A95FA0915EB31CE004A116D /* Build configuration list for PBXNativeTarget "youtubeTester" */;
			buildPhases = (
				9A95F9ED15EB31CE004A116D /* Sources */,
				9A95F9EE15EB31CE004A116D /* Frameworks */,
				9A95F9EF15EB31CE004A116D /* Resources */,
			);
			buildRules = (
			);
			dependencies = (
			);
			name = youtubeTester;
			productName = youtubeTester;
			productReference = 9A95F9F115EB31CE004A116D /* youtubeTester.app */;
			productType = "com.apple.product-type.application";
		};
/* End PBXNativeTarget section */

/* Begin PBXProject section */
		9A95F9E815EB31CE004A116D /* Project object */ = {
			isa = PBXProject;
			attributes = {
				LastUpgradeCheck = 0440;
				ORGANIZATIONNAME = ChiefSquanto;
			};
			buildConfigurationList = 9A95F9EB15EB31CE004A116D /* Build configuration list for PBXProject "youtubeTester" */;
			compatibilityVersion = "Xcode 3.2";
			developmentRegion = English;
			hasScannedForEncodings = 0;
			knownRegions = (
				en,
			);
			mainGroup = 9A95F9E615EB31CE004A116D;
			productRefGroup = 9A95F9F215EB31CE004A116D /* Products */;
			projectDirPath = "";
			projectRoot = "";
			targets = (
				9A95F9F015EB31CE004A116D /* youtubeTester */,
			);
		};
/* End PBXProject section */

/* Begin PBXResourcesBuildPhase section */
		9A95F9EF15EB31CE004A116D /* Resources */ = {
			isa = PBXResourcesBuildPhase;
			buildActionMask = 2147483647;
			files = (
				9A95FA0015EB31CE004A116D /* InfoPlist.strings in Resources */,
			);
			runOnlyForDeploymentPostprocessing = 0;
		};
/* End PBXResourcesBuildPhase section */

/* Begin PBXSourcesBuildPhase section */
		9A95F9ED15EB31CE004A116D /* Sources */ = {
			isa = PBXSourcesBuildPhase;
			buildActionMask = 2147483647;
			files = (
				9A95FA0215EB31CE004A116D /* main.m in Sources */,
				9A95FA0615EB31CE004A116D /* AppDelegate.m in Sources */,
				9A95FA0E15EB3210004A116D /* TestViewController.m in Sources */,
				9A95FA1115EB3238004A116D /* YoutubeView.m in Sources */,
			);
			runOnlyForDeploymentPostprocessing = 0;
		};
/* End PBXSourcesBuildPhase section */

/* Begin PBXVariantGroup section */
		9A95F9FE15EB31CE004A116D /* InfoPlist.strings */ = {
			isa = PBXVariantGroup;
			children = (
				9A95F9FF15EB31CE004A116D /* en */,
			);
			name = InfoPlist.strings;
			sourceTree = "<group>";
		};
/* End PBXVariantGroup section */

/* Begin XCBuildConfiguration section */
		9A95FA0715EB31CE004A116D /* Debug */ = {
			isa = XCBuildConfiguration;
			buildSettings = {
				ALWAYS_SEARCH_USER_PATHS = NO;
				ARCHS = "$(ARCHS_STANDARD_32_BIT)";
				CLANG_CXX_LANGUAGE_STANDARD = "gnu++0x";
				CLANG_ENABLE_OBJC_ARC = YES;
				CLANG_WARN__DUPLICATE_METHOD_MATCH = YES;
				"CODE_SIGN_IDENTITY[sdk=iphoneos*]" = "iPhone Developer";
				COPY_PHASE_STRIP = NO;
				GCC_C_LANGUAGE_STANDARD = gnu99;
				GCC_DYNAMIC_NO_PIC = NO;
				GCC_OPTIMIZATION_LEVEL = 0;
				GCC_PREPROCESSOR_DEFINITIONS = (
					"DEBUG=1",
					"$(inherited)",
				);
				GCC_SYMBOLS_PRIVATE_EXTERN = NO;
				GCC_VERSION = com.apple.compilers.llvm.clang.1_0;
				GCC_WARN_ABOUT_RETURN_TYPE = YES;
				GCC_WARN_UNINITIALIZED_AUTOS = YES;
				GCC_WARN_UNUSED_VARIABLE = YES;
				IPHONEOS_DEPLOYMENT_TARGET = 5.1;
				SDKROOT = iphoneos;
			};
			name = Debug;
		};
		9A95FA0815EB31CE004A116D /* Release */ = {
			isa = XCBuildConfiguration;
			buildSettings = {
				ALWAYS_SEARCH_USER_PATHS = NO;
				ARCHS = "$(ARCHS_STANDARD_32_BIT)";
				CLANG_CXX_LANGUAGE_STANDARD = "gnu++0x";
				CLANG_ENABLE_OBJC_ARC = YES;
				CLANG_WARN__DUPLICATE_METHOD_MATCH = YES;
				"CODE_SIGN_IDENTITY[sdk=iphoneos*]" = "iPhone Developer";
				COPY_PHASE_STRIP = YES;
				GCC_C_LANGUAGE_STANDARD = gnu99;
				GCC_VERSION = com.apple.compilers.llvm.clang.1_0;
				GCC_WARN_ABOUT_RETURN_TYPE = YES;
				GCC_WARN_UNINITIALIZED_AUTOS = YES;
				GCC_WARN_UNUSED_VARIABLE = YES;
				IPHONEOS_DEPLOYMENT_TARGET = 5.1;
				OTHER_CFLAGS = "-DNS_BLOCK_ASSERTIONS=1";
				SDKROOT = iphoneos;
				VALIDATE_PRODUCT = YES;
			};
			name = Release;
		};
		9A95FA0A15EB31CE004A116D /* Debug */ = {
			isa = XCBuildConfiguration;
			buildSettings = {
				GCC_PRECOMPILE_PREFIX_HEADER = YES;
				GCC_PREFIX_HEADER = "youtubeTester/youtubeTester-Prefix.pch";
				INFOPLIST_FILE = "youtubeTester/youtubeTester-Info.plist";
				PRODUCT_NAME = "$(TARGET_NAME)";
				WRAPPER_EXTENSION = app;
			};
			name = Debug;
		};
		9A95FA0B15EB31CE004A116D /* Release */ = {
			isa = XCBuildConfiguration;
			buildSettings = {
				GCC_PRECOMPILE_PREFIX_HEADER = YES;
				GCC_PREFIX_HEADER = "youtubeTester/youtubeTester-Prefix.pch";
				INFOPLIST_FILE = "youtubeTester/youtubeTester-Info.plist";
				PRODUCT_NAME = "$(TARGET_NAME)";
				WRAPPER_EXTENSION = app;
			};
			name = Release;
		};
/* End XCBuildConfiguration section */

/* Begin XCConfigurationList section */
		9A95F9EB15EB31CE004A116D /* Build configuration list for PBXProject "youtubeTester" */ = {
			isa = XCConfigurationList;
			buildConfigurations = (
				9A95FA0715EB31CE004A116D /* Debug */,
				9A95FA0815EB31CE004A116D /* Release */,
			);
			defaultConfigurationIsVisible = 0;
			defaultConfigurationName = Release;
		};
		9A95FA0915EB31CE004A116D /* Build configuration list for PBXNativeTarget "youtubeTester" */ = {
			isa = XCConfigurationList;
			buildConfigurations = (
				9A95FA0A15EB31CE004A116D /* Debug */,
				9A95FA0B15EB31CE004A116D /* Release */,
			);
			defaultConfigurationIsVisible = 0;
		};
/* End XCConfigurationList section */
	};
	rootObject = 9A95F9E815EB31CE004A116D /* Project object */;
}
