// !$*UTF8*$!
{
	archiveVersion = 1;
	classes = {
	};
	objectVersion = 46;
	objects = {

/* Begin PBXBuildFile section */
		9A641BD715D1BE3E0030317D /* Foundation.framework in Frameworks */ = {isa = PBXBuildFile; fileRef = 9A641BD615D1BE3E0030317D /* Foundation.framework */; };
		9A641BDA15D1BE3E0030317D /* main.m in Sources */ = {isa = PBXBuildFile; fileRef = 9A641BD915D1BE3E0030317D /* main.m */; };
		9A641BDE15D1BE3E0030317D /* TimeAfterTime.1 in CopyFiles */ = {isa = PBXBuildFile; fileRef = 9A641BDD15D1BE3E0030317D /* TimeAfterTime.1 */; };
		9AAAB10915D2D24E009231B9 /* Person.m in Sources */ = {isa = PBXBuildFile; fileRef = 9AAAB10815D2D24E009231B9 /* Person.m */; };
/* End PBXBuildFile section */

/* Begin PBXCopyFilesBuildPhase section */
		9A641BD015D1BE3E0030317D /* CopyFiles */ = {
			isa = PBXCopyFilesBuildPhase;
			buildActionMask = 2147483647;
			dstPath = /usr/share/man/man1/;
			dstSubfolderSpec = 0;
			files = (
				9A641BDE15D1BE3E0030317D /* TimeAfterTime.1 in CopyFiles */,
			);
			runOnlyForDeploymentPostprocessing = 1;
		};
/* End PBXCopyFilesBuildPhase section */

/* Begin PBXFileReference section */
		9A427ED415D1FFDE001AD05C /* Readme.md */ = {isa = PBXFileReference; fileEncoding = 4; lastKnownFileType = text; path = Readme.md; sourceTree = "<group>"; };
		9A641BD215D1BE3E0030317D /* TimeAfterTime */ = {isa = PBXFileReference; explicitFileType = "compiled.mach-o.executable"; includeInIndex = 0; path = TimeAfterTime; sourceTree = BUILT_PRODUCTS_DIR; };
		9A641BD615D1BE3E0030317D /* Foundation.framework */ = {isa = PBXFileReference; lastKnownFileType = wrapper.framework; name = Foundation.framework; path = System/Library/Frameworks/Foundation.framework; sourceTree = SDKROOT; };
		9A641BD915D1BE3E0030317D /* main.m */ = {isa = PBXFileReference; lastKnownFileType = sourcecode.c.objc; path = main.m; sourceTree = "<group>"; };
		9A641BDC15D1BE3E0030317D /* TimeAfterTime-Prefix.pch */ = {isa = PBXFileReference; lastKnownFileType = sourcecode.c.h; path = "TimeAfterTime-Prefix.pch"; sourceTree = "<group>"; };
		9A641BDD15D1BE3E0030317D /* TimeAfterTime.1 */ = {isa = PBXFileReference; lastKnownFileType = text.man; path = TimeAfterTime.1; sourceTree = "<group>"; };
		9AAAB10715D2D24E009231B9 /* Person.h */ = {isa = PBXFileReference; fileEncoding = 4; lastKnownFileType = sourcecode.c.h; path = Person.h; sourceTree = "<group>"; };
		9AAAB10815D2D24E009231B9 /* Person.m */ = {isa = PBXFileReference; fileEncoding = 4; lastKnownFileType = sourcecode.c.objc; path = Person.m; sourceTree = "<group>"; };
/* End PBXFileReference section */

/* Begin PBXFrameworksBuildPhase section */
		9A641BCF15D1BE3E0030317D /* Frameworks */ = {
			isa = PBXFrameworksBuildPhase;
			buildActionMask = 2147483647;
			files = (
				9A641BD715D1BE3E0030317D /* Foundation.framework in Frameworks */,
			);
			runOnlyForDeploymentPostprocessing = 0;
		};
/* End PBXFrameworksBuildPhase section */

/* Begin PBXGroup section */
		9A641BC715D1BE3E0030317D = {
			isa = PBXGroup;
			children = (
				9A427ED415D1FFDE001AD05C /* Readme.md */,
				9A641BD815D1BE3E0030317D /* TimeAfterTime */,
				9A641BD515D1BE3E0030317D /* Frameworks */,
				9A641BD315D1BE3E0030317D /* Products */,
			);
			sourceTree = "<group>";
		};
		9A641BD315D1BE3E0030317D /* Products */ = {
			isa = PBXGroup;
			children = (
				9A641BD215D1BE3E0030317D /* TimeAfterTime */,
			);
			name = Products;
			sourceTree = "<group>";
		};
		9A641BD515D1BE3E0030317D /* Frameworks */ = {
			isa = PBXGroup;
			children = (
				9A641BD615D1BE3E0030317D /* Foundation.framework */,
			);
			name = Frameworks;
			sourceTree = "<group>";
		};
		9A641BD815D1BE3E0030317D /* TimeAfterTime */ = {
			isa = PBXGroup;
			children = (
				9A641BD915D1BE3E0030317D /* main.m */,
				9AAAB10715D2D24E009231B9 /* Person.h */,
				9AAAB10815D2D24E009231B9 /* Person.m */,
				9A641BDD15D1BE3E0030317D /* TimeAfterTime.1 */,
				9A641BDB15D1BE3E0030317D /* Supporting Files */,
			);
			path = TimeAfterTime;
			sourceTree = "<group>";
		};
		9A641BDB15D1BE3E0030317D /* Supporting Files */ = {
			isa = PBXGroup;
			children = (
				9A641BDC15D1BE3E0030317D /* TimeAfterTime-Prefix.pch */,
			);
			name = "Supporting Files";
			sourceTree = "<group>";
		};
/* End PBXGroup section */

/* Begin PBXNativeTarget section */
		9A641BD115D1BE3E0030317D /* TimeAfterTime */ = {
			isa = PBXNativeTarget;
			buildConfigurationList = 9A641BE115D1BE3E0030317D /* Build configuration list for PBXNativeTarget "TimeAfterTime" */;
			buildPhases = (
				9A641BCE15D1BE3E0030317D /* Sources */,
				9A641BCF15D1BE3E0030317D /* Frameworks */,
				9A641BD015D1BE3E0030317D /* CopyFiles */,
			);
			buildRules = (
			);
			dependencies = (
			);
			name = TimeAfterTime;
			productName = TimeAfterTime;
			productReference = 9A641BD215D1BE3E0030317D /* TimeAfterTime */;
			productType = "com.apple.product-type.tool";
		};
/* End PBXNativeTarget section */

/* Begin PBXProject section */
		9A641BC915D1BE3E0030317D /* Project object */ = {
			isa = PBXProject;
			attributes = {
				LastUpgradeCheck = 0440;
				ORGANIZATIONNAME = Squanto;
			};
			buildConfigurationList = 9A641BCC15D1BE3E0030317D /* Build configuration list for PBXProject "TimeAfterTime" */;
			compatibilityVersion = "Xcode 3.2";
			developmentRegion = English;
			hasScannedForEncodings = 0;
			knownRegions = (
				en,
			);
			mainGroup = 9A641BC715D1BE3E0030317D;
			productRefGroup = 9A641BD315D1BE3E0030317D /* Products */;
			projectDirPath = "";
			projectRoot = "";
			targets = (
				9A641BD115D1BE3E0030317D /* TimeAfterTime */,
			);
		};
/* End PBXProject section */

/* Begin PBXSourcesBuildPhase section */
		9A641BCE15D1BE3E0030317D /* Sources */ = {
			isa = PBXSourcesBuildPhase;
			buildActionMask = 2147483647;
			files = (
				9A641BDA15D1BE3E0030317D /* main.m in Sources */,
				9AAAB10915D2D24E009231B9 /* Person.m in Sources */,
			);
			runOnlyForDeploymentPostprocessing = 0;
		};
/* End PBXSourcesBuildPhase section */

/* Begin XCBuildConfiguration section */
		9A641BDF15D1BE3E0030317D /* Debug */ = {
			isa = XCBuildConfiguration;
			buildSettings = {
				ALWAYS_SEARCH_USER_PATHS = NO;
				ARCHS = "$(ARCHS_STANDARD_64_BIT)";
				CLANG_CXX_LANGUAGE_STANDARD = "gnu++0x";
				CLANG_ENABLE_OBJC_ARC = YES;
				CLANG_WARN__DUPLICATE_METHOD_MATCH = YES;
				COPY_PHASE_STRIP = NO;
				GCC_C_LANGUAGE_STANDARD = gnu99;
				GCC_DYNAMIC_NO_PIC = NO;
				GCC_ENABLE_OBJC_EXCEPTIONS = YES;
				GCC_OPTIMIZATION_LEVEL = 0;
				GCC_PREPROCESSOR_DEFINITIONS = (
					"DEBUG=1",
					"$(inherited)",
				);
				GCC_SYMBOLS_PRIVATE_EXTERN = NO;
				GCC_WARN_64_TO_32_BIT_CONVERSION = YES;
				GCC_WARN_ABOUT_RETURN_TYPE = YES;
				GCC_WARN_UNINITIALIZED_AUTOS = YES;
				GCC_WARN_UNUSED_VARIABLE = YES;
				MACOSX_DEPLOYMENT_TARGET = 10.7;
				ONLY_ACTIVE_ARCH = YES;
				SDKROOT = macosx;
			};
			name = Debug;
		};
		9A641BE015D1BE3E0030317D /* Release */ = {
			isa = XCBuildConfiguration;
			buildSettings = {
				ALWAYS_SEARCH_USER_PATHS = NO;
				ARCHS = "$(ARCHS_STANDARD_64_BIT)";
				CLANG_CXX_LANGUAGE_STANDARD = "gnu++0x";
				CLANG_ENABLE_OBJC_ARC = YES;
				CLANG_WARN__DUPLICATE_METHOD_MATCH = YES;
				COPY_PHASE_STRIP = YES;
				DEBUG_INFORMATION_FORMAT = "dwarf-with-dsym";
				GCC_C_LANGUAGE_STANDARD = gnu99;
				GCC_ENABLE_OBJC_EXCEPTIONS = YES;
				GCC_WARN_64_TO_32_BIT_CONVERSION = YES;
				GCC_WARN_ABOUT_RETURN_TYPE = YES;
				GCC_WARN_UNINITIALIZED_AUTOS = YES;
				GCC_WARN_UNUSED_VARIABLE = YES;
				MACOSX_DEPLOYMENT_TARGET = 10.7;
				SDKROOT = macosx;
			};
			name = Release;
		};
		9A641BE215D1BE3E0030317D /* Debug */ = {
			isa = XCBuildConfiguration;
			buildSettings = {
				GCC_PRECOMPILE_PREFIX_HEADER = YES;
				GCC_PREFIX_HEADER = "TimeAfterTime/TimeAfterTime-Prefix.pch";
				PRODUCT_NAME = "$(TARGET_NAME)";
			};
			name = Debug;
		};
		9A641BE315D1BE3E0030317D /* Release */ = {
			isa = XCBuildConfiguration;
			buildSettings = {
				GCC_PRECOMPILE_PREFIX_HEADER = YES;
				GCC_PREFIX_HEADER = "TimeAfterTime/TimeAfterTime-Prefix.pch";
				PRODUCT_NAME = "$(TARGET_NAME)";
			};
			name = Release;
		};
/* End XCBuildConfiguration section */

/* Begin XCConfigurationList section */
		9A641BCC15D1BE3E0030317D /* Build configuration list for PBXProject "TimeAfterTime" */ = {
			isa = XCConfigurationList;
			buildConfigurations = (
				9A641BDF15D1BE3E0030317D /* Debug */,
				9A641BE015D1BE3E0030317D /* Release */,
			);
			defaultConfigurationIsVisible = 0;
			defaultConfigurationName = Release;
		};
		9A641BE115D1BE3E0030317D /* Build configuration list for PBXNativeTarget "TimeAfterTime" */ = {
			isa = XCConfigurationList;
			buildConfigurations = (
				9A641BE215D1BE3E0030317D /* Debug */,
				9A641BE315D1BE3E0030317D /* Release */,
			);
			defaultConfigurationIsVisible = 0;
			defaultConfigurationName = Release;
		};
/* End XCConfigurationList section */
	};
	rootObject = 9A641BC915D1BE3E0030317D /* Project object */;
}
