// !$*UTF8*$!
{
	archiveVersion = 1;
	classes = {
	};
	objectVersion = 46;
	objects = {

/* Begin PBXBuildFile section */
		9A3987DF15E55D960061729A /* UIKit.framework in Frameworks */ = {isa = PBXBuildFile; fileRef = 9A3987DE15E55D960061729A /* UIKit.framework */; };
		9A3987E115E55D960061729A /* Foundation.framework in Frameworks */ = {isa = PBXBuildFile; fileRef = 9A3987E015E55D960061729A /* Foundation.framework */; };
		9A3987E315E55D960061729A /* CoreGraphics.framework in Frameworks */ = {isa = PBXBuildFile; fileRef = 9A3987E215E55D960061729A /* CoreGraphics.framework */; };
		9A3987E915E55D960061729A /* InfoPlist.strings in Resources */ = {isa = PBXBuildFile; fileRef = 9A3987E715E55D960061729A /* InfoPlist.strings */; };
		9A3987EB15E55D960061729A /* main.m in Sources */ = {isa = PBXBuildFile; fileRef = 9A3987EA15E55D960061729A /* main.m */; };
		9A3987EF15E55D960061729A /* AppDelegate.m in Sources */ = {isa = PBXBuildFile; fileRef = 9A3987EE15E55D960061729A /* AppDelegate.m */; };
		9A3987F915E55DBB0061729A /* readme.md in Resources */ = {isa = PBXBuildFile; fileRef = 9A3987F815E55DBB0061729A /* readme.md */; };
		9A3987FF15E55EDD0061729A /* QuartzCore.framework in Frameworks */ = {isa = PBXBuildFile; fileRef = 9A3987FE15E55EDD0061729A /* QuartzCore.framework */; };
		9A39880715E5626D0061729A /* SpinningViewController.m in Sources */ = {isa = PBXBuildFile; fileRef = 9A39880515E5626D0061729A /* SpinningViewController.m */; };
		9A39880815E5626D0061729A /* SpinningViewController.xib in Resources */ = {isa = PBXBuildFile; fileRef = 9A39880615E5626D0061729A /* SpinningViewController.xib */; };
		9A39880B15E564740061729A /* SlideBoxView.m in Sources */ = {isa = PBXBuildFile; fileRef = 9A39880A15E564740061729A /* SlideBoxView.m */; };
/* End PBXBuildFile section */

/* Begin PBXFileReference section */
		9A3987DA15E55D960061729A /* animationExample.app */ = {isa = PBXFileReference; explicitFileType = wrapper.application; includeInIndex = 0; path = animationExample.app; sourceTree = BUILT_PRODUCTS_DIR; };
		9A3987DE15E55D960061729A /* UIKit.framework */ = {isa = PBXFileReference; lastKnownFileType = wrapper.framework; name = UIKit.framework; path = System/Library/Frameworks/UIKit.framework; sourceTree = SDKROOT; };
		9A3987E015E55D960061729A /* Foundation.framework */ = {isa = PBXFileReference; lastKnownFileType = wrapper.framework; name = Foundation.framework; path = System/Library/Frameworks/Foundation.framework; sourceTree = SDKROOT; };
		9A3987E215E55D960061729A /* CoreGraphics.framework */ = {isa = PBXFileReference; lastKnownFileType = wrapper.framework; name = CoreGraphics.framework; path = System/Library/Frameworks/CoreGraphics.framework; sourceTree = SDKROOT; };
		9A3987E615E55D960061729A /* animationExample-Info.plist */ = {isa = PBXFileReference; lastKnownFileType = text.plist.xml; path = "animationExample-Info.plist"; sourceTree = "<group>"; };
		9A3987E815E55D960061729A /* en */ = {isa = PBXFileReference; lastKnownFileType = text.plist.strings; name = en; path = en.lproj/InfoPlist.strings; sourceTree = "<group>"; };
		9A3987EA15E55D960061729A /* main.m */ = {isa = PBXFileReference; lastKnownFileType = sourcecode.c.objc; path = main.m; sourceTree = "<group>"; };
		9A3987EC15E55D960061729A /* animationExample-Prefix.pch */ = {isa = PBXFileReference; lastKnownFileType = sourcecode.c.h; path = "animationExample-Prefix.pch"; sourceTree = "<group>"; };
		9A3987ED15E55D960061729A /* AppDelegate.h */ = {isa = PBXFileReference; lastKnownFileType = sourcecode.c.h; path = AppDelegate.h; sourceTree = "<group>"; };
		9A3987EE15E55D960061729A /* AppDelegate.m */ = {isa = PBXFileReference; lastKnownFileType = sourcecode.c.objc; path = AppDelegate.m; sourceTree = "<group>"; };
		9A3987F815E55DBB0061729A /* readme.md */ = {isa = PBXFileReference; fileEncoding = 4; lastKnownFileType = text; path = readme.md; sourceTree = "<group>"; };
		9A3987FE15E55EDD0061729A /* QuartzCore.framework */ = {isa = PBXFileReference; lastKnownFileType = wrapper.framework; name = QuartzCore.framework; path = System/Library/Frameworks/QuartzCore.framework; sourceTree = SDKROOT; };
		9A39880415E5626D0061729A /* SpinningViewController.h */ = {isa = PBXFileReference; fileEncoding = 4; lastKnownFileType = sourcecode.c.h; path = SpinningViewController.h; sourceTree = "<group>"; };
		9A39880515E5626D0061729A /* SpinningViewController.m */ = {isa = PBXFileReference; fileEncoding = 4; lastKnownFileType = sourcecode.c.objc; path = SpinningViewController.m; sourceTree = "<group>"; };
		9A39880615E5626D0061729A /* SpinningViewController.xib */ = {isa = PBXFileReference; fileEncoding = 4; lastKnownFileType = file.xib; path = SpinningViewController.xib; sourceTree = "<group>"; };
		9A39880915E564740061729A /* SlideBoxView.h */ = {isa = PBXFileReference; fileEncoding = 4; lastKnownFileType = sourcecode.c.h; path = SlideBoxView.h; sourceTree = "<group>"; };
		9A39880A15E564740061729A /* SlideBoxView.m */ = {isa = PBXFileReference; fileEncoding = 4; lastKnownFileType = sourcecode.c.objc; path = SlideBoxView.m; sourceTree = "<group>"; };
/* End PBXFileReference section */

/* Begin PBXFrameworksBuildPhase section */
		9A3987D715E55D960061729A /* Frameworks */ = {
			isa = PBXFrameworksBuildPhase;
			buildActionMask = 2147483647;
			files = (
				9A3987FF15E55EDD0061729A /* QuartzCore.framework in Frameworks */,
				9A3987DF15E55D960061729A /* UIKit.framework in Frameworks */,
				9A3987E115E55D960061729A /* Foundation.framework in Frameworks */,
				9A3987E315E55D960061729A /* CoreGraphics.framework in Frameworks */,
			);
			runOnlyForDeploymentPostprocessing = 0;
		};
/* End PBXFrameworksBuildPhase section */

/* Begin PBXGroup section */
		9A3987CF15E55D960061729A = {
			isa = PBXGroup;
			children = (
				9A3987F815E55DBB0061729A /* readme.md */,
				9A3987E415E55D960061729A /* animationExample */,
				9A3987DD15E55D960061729A /* Frameworks */,
				9A3987DB15E55D960061729A /* Products */,
			);
			sourceTree = "<group>";
		};
		9A3987DB15E55D960061729A /* Products */ = {
			isa = PBXGroup;
			children = (
				9A3987DA15E55D960061729A /* animationExample.app */,
			);
			name = Products;
			sourceTree = "<group>";
		};
		9A3987DD15E55D960061729A /* Frameworks */ = {
			isa = PBXGroup;
			children = (
				9A3987FE15E55EDD0061729A /* QuartzCore.framework */,
				9A3987DE15E55D960061729A /* UIKit.framework */,
				9A3987E015E55D960061729A /* Foundation.framework */,
				9A3987E215E55D960061729A /* CoreGraphics.framework */,
			);
			name = Frameworks;
			sourceTree = "<group>";
		};
		9A3987E415E55D960061729A /* animationExample */ = {
			isa = PBXGroup;
			children = (
				9A39880915E564740061729A /* SlideBoxView.h */,
				9A39880A15E564740061729A /* SlideBoxView.m */,
				9A3987ED15E55D960061729A /* AppDelegate.h */,
				9A3987EE15E55D960061729A /* AppDelegate.m */,
				9A39880415E5626D0061729A /* SpinningViewController.h */,
				9A39880515E5626D0061729A /* SpinningViewController.m */,
				9A39880615E5626D0061729A /* SpinningViewController.xib */,
				9A3987E515E55D960061729A /* Supporting Files */,
			);
			path = animationExample;
			sourceTree = "<group>";
		};
		9A3987E515E55D960061729A /* Supporting Files */ = {
			isa = PBXGroup;
			children = (
				9A3987E615E55D960061729A /* animationExample-Info.plist */,
				9A3987E715E55D960061729A /* InfoPlist.strings */,
				9A3987EA15E55D960061729A /* main.m */,
				9A3987EC15E55D960061729A /* animationExample-Prefix.pch */,
			);
			name = "Supporting Files";
			sourceTree = "<group>";
		};
/* End PBXGroup section */

/* Begin PBXNativeTarget section */
		9A3987D915E55D960061729A /* animationExample */ = {
			isa = PBXNativeTarget;
			buildConfigurationList = 9A3987F215E55D960061729A /* Build configuration list for PBXNativeTarget "animationExample" */;
			buildPhases = (
				9A3987D615E55D960061729A /* Sources */,
				9A3987D715E55D960061729A /* Frameworks */,
				9A3987D815E55D960061729A /* Resources */,
			);
			buildRules = (
			);
			dependencies = (
			);
			name = animationExample;
			productName = animationExample;
			productReference = 9A3987DA15E55D960061729A /* animationExample.app */;
			productType = "com.apple.product-type.application";
		};
/* End PBXNativeTarget section */

/* Begin PBXProject section */
		9A3987D115E55D960061729A /* Project object */ = {
			isa = PBXProject;
			attributes = {
				LastUpgradeCheck = 0440;
				ORGANIZATIONNAME = ChiefSquanto;
			};
			buildConfigurationList = 9A3987D415E55D960061729A /* Build configuration list for PBXProject "animationExample" */;
			compatibilityVersion = "Xcode 3.2";
			developmentRegion = English;
			hasScannedForEncodings = 0;
			knownRegions = (
				en,
			);
			mainGroup = 9A3987CF15E55D960061729A;
			productRefGroup = 9A3987DB15E55D960061729A /* Products */;
			projectDirPath = "";
			projectRoot = "";
			targets = (
				9A3987D915E55D960061729A /* animationExample */,
			);
		};
/* End PBXProject section */

/* Begin PBXResourcesBuildPhase section */
		9A3987D815E55D960061729A /* Resources */ = {
			isa = PBXResourcesBuildPhase;
			buildActionMask = 2147483647;
			files = (
				9A3987E915E55D960061729A /* InfoPlist.strings in Resources */,
				9A3987F915E55DBB0061729A /* readme.md in Resources */,
				9A39880815E5626D0061729A /* SpinningViewController.xib in Resources */,
			);
			runOnlyForDeploymentPostprocessing = 0;
		};
/* End PBXResourcesBuildPhase section */

/* Begin PBXSourcesBuildPhase section */
		9A3987D615E55D960061729A /* Sources */ = {
			isa = PBXSourcesBuildPhase;
			buildActionMask = 2147483647;
			files = (
				9A3987EB15E55D960061729A /* main.m in Sources */,
				9A3987EF15E55D960061729A /* AppDelegate.m in Sources */,
				9A39880715E5626D0061729A /* SpinningViewController.m in Sources */,
				9A39880B15E564740061729A /* SlideBoxView.m in Sources */,
			);
			runOnlyForDeploymentPostprocessing = 0;
		};
/* End PBXSourcesBuildPhase section */

/* Begin PBXVariantGroup section */
		9A3987E715E55D960061729A /* InfoPlist.strings */ = {
			isa = PBXVariantGroup;
			children = (
				9A3987E815E55D960061729A /* en */,
			);
			name = InfoPlist.strings;
			sourceTree = "<group>";
		};
/* End PBXVariantGroup section */

/* Begin XCBuildConfiguration section */
		9A3987F015E55D960061729A /* Debug */ = {
			isa = XCBuildConfiguration;
			buildSettings = {
				ALWAYS_SEARCH_USER_PATHS = NO;
				ARCHS = "$(ARCHS_STANDARD_32_BIT)";
				CLANG_CXX_LANGUAGE_STANDARD = "gnu++0x";
				CLANG_ENABLE_OBJC_ARC = YES;
				CLANG_WARN__DUPLICATE_METHOD_MATCH = YES;
				"CODE_SIGN_IDENTITY[sdk=iphoneos*]" = "iPhone Developer";
				COPY_PHASE_STRIP = NO;
				GCC_C_LANGUAGE_STANDARD = gnu99;
				GCC_DYNAMIC_NO_PIC = NO;
				GCC_OPTIMIZATION_LEVEL = 0;
				GCC_PREPROCESSOR_DEFINITIONS = (
					"DEBUG=1",
					"$(inherited)",
				);
				GCC_SYMBOLS_PRIVATE_EXTERN = NO;
				GCC_VERSION = com.apple.compilers.llvm.clang.1_0;
				GCC_WARN_ABOUT_RETURN_TYPE = YES;
				GCC_WARN_UNINITIALIZED_AUTOS = YES;
				GCC_WARN_UNUSED_VARIABLE = YES;
				IPHONEOS_DEPLOYMENT_TARGET = 5.1;
				SDKROOT = iphoneos;
			};
			name = Debug;
		};
		9A3987F115E55D960061729A /* Release */ = {
			isa = XCBuildConfiguration;
			buildSettings = {
				ALWAYS_SEARCH_USER_PATHS = NO;
				ARCHS = "$(ARCHS_STANDARD_32_BIT)";
				CLANG_CXX_LANGUAGE_STANDARD = "gnu++0x";
				CLANG_ENABLE_OBJC_ARC = YES;
				CLANG_WARN__DUPLICATE_METHOD_MATCH = YES;
				"CODE_SIGN_IDENTITY[sdk=iphoneos*]" = "iPhone Developer";
				COPY_PHASE_STRIP = YES;
				GCC_C_LANGUAGE_STANDARD = gnu99;
				GCC_VERSION = com.apple.compilers.llvm.clang.1_0;
				GCC_WARN_ABOUT_RETURN_TYPE = YES;
				GCC_WARN_UNINITIALIZED_AUTOS = YES;
				GCC_WARN_UNUSED_VARIABLE = YES;
				IPHONEOS_DEPLOYMENT_TARGET = 5.1;
				OTHER_CFLAGS = "-DNS_BLOCK_ASSERTIONS=1";
				SDKROOT = iphoneos;
				VALIDATE_PRODUCT = YES;
			};
			name = Release;
		};
		9A3987F315E55D960061729A /* Debug */ = {
			isa = XCBuildConfiguration;
			buildSettings = {
				GCC_PRECOMPILE_PREFIX_HEADER = YES;
				GCC_PREFIX_HEADER = "animationExample/animationExample-Prefix.pch";
				INFOPLIST_FILE = "animationExample/animationExample-Info.plist";
				PRODUCT_NAME = "$(TARGET_NAME)";
				WRAPPER_EXTENSION = app;
			};
			name = Debug;
		};
		9A3987F415E55D960061729A /* Release */ = {
			isa = XCBuildConfiguration;
			buildSettings = {
				GCC_PRECOMPILE_PREFIX_HEADER = YES;
				GCC_PREFIX_HEADER = "animationExample/animationExample-Prefix.pch";
				INFOPLIST_FILE = "animationExample/animationExample-Info.plist";
				PRODUCT_NAME = "$(TARGET_NAME)";
				WRAPPER_EXTENSION = app;
			};
			name = Release;
		};
/* End XCBuildConfiguration section */

/* Begin XCConfigurationList section */
		9A3987D415E55D960061729A /* Build configuration list for PBXProject "animationExample" */ = {
			isa = XCConfigurationList;
			buildConfigurations = (
				9A3987F015E55D960061729A /* Debug */,
				9A3987F115E55D960061729A /* Release */,
			);
			defaultConfigurationIsVisible = 0;
			defaultConfigurationName = Release;
		};
		9A3987F215E55D960061729A /* Build configuration list for PBXNativeTarget "animationExample" */ = {
			isa = XCConfigurationList;
			buildConfigurations = (
				9A3987F315E55D960061729A /* Debug */,
				9A3987F415E55D960061729A /* Release */,
			);
			defaultConfigurationIsVisible = 0;
			defaultConfigurationName = Release;
		};
/* End XCConfigurationList section */
	};
	rootObject = 9A3987D115E55D960061729A /* Project object */;
}
