// !$*UTF8*$!
{
	archiveVersion = 1;
	classes = {
	};
	objectVersion = 46;
	objects = {

/* Begin PBXBuildFile section */
		4CA93A3615DACBB2008F1A13 /* UIKit.framework in Frameworks */ = {isa = PBXBuildFile; fileRef = 4CA93A3515DACBB2008F1A13 /* UIKit.framework */; };
		4CA93A3815DACBB2008F1A13 /* Foundation.framework in Frameworks */ = {isa = PBXBuildFile; fileRef = 4CA93A3715DACBB2008F1A13 /* Foundation.framework */; };
		4CA93A3A15DACBB2008F1A13 /* CoreGraphics.framework in Frameworks */ = {isa = PBXBuildFile; fileRef = 4CA93A3915DACBB2008F1A13 /* CoreGraphics.framework */; };
		4CA93A4015DACBB2008F1A13 /* InfoPlist.strings in Resources */ = {isa = PBXBuildFile; fileRef = 4CA93A3E15DACBB2008F1A13 /* InfoPlist.strings */; };
		4CA93A4215DACBB2008F1A13 /* main.m in Sources */ = {isa = PBXBuildFile; fileRef = 4CA93A4115DACBB2008F1A13 /* main.m */; };
		4CA93A4615DACBB2008F1A13 /* AppDelegate.m in Sources */ = {isa = PBXBuildFile; fileRef = 4CA93A4515DACBB2008F1A13 /* AppDelegate.m */; };
		4CA93A4915DACBB2008F1A13 /* MainStoryboard.storyboard in Resources */ = {isa = PBXBuildFile; fileRef = 4CA93A4715DACBB2008F1A13 /* MainStoryboard.storyboard */; };
		4CA93A5315DACEF5008F1A13 /* Parse.framework in Frameworks */ = {isa = PBXBuildFile; fileRef = 4CA93A5215DACEF5008F1A13 /* Parse.framework */; };
		4CA93A5515DACF24008F1A13 /* AudioToolbox.framework in Frameworks */ = {isa = PBXBuildFile; fileRef = 4CA93A5415DACF24008F1A13 /* AudioToolbox.framework */; };
		4CA93A5715DACF2C008F1A13 /* CFNetwork.framework in Frameworks */ = {isa = PBXBuildFile; fileRef = 4CA93A5615DACF2C008F1A13 /* CFNetwork.framework */; };
		4CA93A5915DACF3F008F1A13 /* libz.1.1.3.dylib in Frameworks */ = {isa = PBXBuildFile; fileRef = 4CA93A5815DACF3F008F1A13 /* libz.1.1.3.dylib */; };
		4CA93A5B15DACF48008F1A13 /* MobileCoreServices.framework in Frameworks */ = {isa = PBXBuildFile; fileRef = 4CA93A5A15DACF48008F1A13 /* MobileCoreServices.framework */; };
		4CA93A5D15DACF51008F1A13 /* QuartzCore.framework in Frameworks */ = {isa = PBXBuildFile; fileRef = 4CA93A5C15DACF51008F1A13 /* QuartzCore.framework */; };
		4CA93A5F15DACF59008F1A13 /* Security.framework in Frameworks */ = {isa = PBXBuildFile; fileRef = 4CA93A5E15DACF59008F1A13 /* Security.framework */; };
		4CA93A6115DACF63008F1A13 /* StoreKit.framework in Frameworks */ = {isa = PBXBuildFile; fileRef = 4CA93A6015DACF63008F1A13 /* StoreKit.framework */; };
		4CA93A6315DACF6A008F1A13 /* SystemConfiguration.framework in Frameworks */ = {isa = PBXBuildFile; fileRef = 4CA93A6215DACF6A008F1A13 /* SystemConfiguration.framework */; };
		4CA93A6615DAD0DD008F1A13 /* SubmitViewController.m in Sources */ = {isa = PBXBuildFile; fileRef = 4CA93A6515DAD0DD008F1A13 /* SubmitViewController.m */; };
		4CA93A6915DAD10D008F1A13 /* QAViewController.m in Sources */ = {isa = PBXBuildFile; fileRef = 4CA93A6815DAD10D008F1A13 /* QAViewController.m */; };
/* End PBXBuildFile section */

/* Begin PBXFileReference section */
		4CA93A3115DACBB2008F1A13 /* Quizmaster 3000.app */ = {isa = PBXFileReference; explicitFileType = wrapper.application; includeInIndex = 0; path = "Quizmaster 3000.app"; sourceTree = BUILT_PRODUCTS_DIR; };
		4CA93A3515DACBB2008F1A13 /* UIKit.framework */ = {isa = PBXFileReference; lastKnownFileType = wrapper.framework; name = UIKit.framework; path = System/Library/Frameworks/UIKit.framework; sourceTree = SDKROOT; };
		4CA93A3715DACBB2008F1A13 /* Foundation.framework */ = {isa = PBXFileReference; lastKnownFileType = wrapper.framework; name = Foundation.framework; path = System/Library/Frameworks/Foundation.framework; sourceTree = SDKROOT; };
		4CA93A3915DACBB2008F1A13 /* CoreGraphics.framework */ = {isa = PBXFileReference; lastKnownFileType = wrapper.framework; name = CoreGraphics.framework; path = System/Library/Frameworks/CoreGraphics.framework; sourceTree = SDKROOT; };
		4CA93A3D15DACBB2008F1A13 /* Quizmaster 3000-Info.plist */ = {isa = PBXFileReference; lastKnownFileType = text.plist.xml; path = "Quizmaster 3000-Info.plist"; sourceTree = "<group>"; };
		4CA93A3F15DACBB2008F1A13 /* en */ = {isa = PBXFileReference; lastKnownFileType = text.plist.strings; name = en; path = en.lproj/InfoPlist.strings; sourceTree = "<group>"; };
		4CA93A4115DACBB2008F1A13 /* main.m */ = {isa = PBXFileReference; lastKnownFileType = sourcecode.c.objc; path = main.m; sourceTree = "<group>"; };
		4CA93A4315DACBB2008F1A13 /* Quizmaster 3000-Prefix.pch */ = {isa = PBXFileReference; lastKnownFileType = sourcecode.c.h; path = "Quizmaster 3000-Prefix.pch"; sourceTree = "<group>"; };
		4CA93A4415DACBB2008F1A13 /* AppDelegate.h */ = {isa = PBXFileReference; lastKnownFileType = sourcecode.c.h; path = AppDelegate.h; sourceTree = "<group>"; };
		4CA93A4515DACBB2008F1A13 /* AppDelegate.m */ = {isa = PBXFileReference; lastKnownFileType = sourcecode.c.objc; path = AppDelegate.m; sourceTree = "<group>"; };
		4CA93A4815DACBB2008F1A13 /* en */ = {isa = PBXFileReference; lastKnownFileType = file.storyboard; name = en; path = en.lproj/MainStoryboard.storyboard; sourceTree = "<group>"; };
		4CA93A5215DACEF5008F1A13 /* Parse.framework */ = {isa = PBXFileReference; lastKnownFileType = wrapper.framework; path = Parse.framework; sourceTree = "<group>"; };
		4CA93A5415DACF24008F1A13 /* AudioToolbox.framework */ = {isa = PBXFileReference; lastKnownFileType = wrapper.framework; name = AudioToolbox.framework; path = System/Library/Frameworks/AudioToolbox.framework; sourceTree = SDKROOT; };
		4CA93A5615DACF2C008F1A13 /* CFNetwork.framework */ = {isa = PBXFileReference; lastKnownFileType = wrapper.framework; name = CFNetwork.framework; path = System/Library/Frameworks/CFNetwork.framework; sourceTree = SDKROOT; };
		4CA93A5815DACF3F008F1A13 /* libz.1.1.3.dylib */ = {isa = PBXFileReference; lastKnownFileType = "compiled.mach-o.dylib"; name = libz.1.1.3.dylib; path = usr/lib/libz.1.1.3.dylib; sourceTree = SDKROOT; };
		4CA93A5A15DACF48008F1A13 /* MobileCoreServices.framework */ = {isa = PBXFileReference; lastKnownFileType = wrapper.framework; name = MobileCoreServices.framework; path = System/Library/Frameworks/MobileCoreServices.framework; sourceTree = SDKROOT; };
		4CA93A5C15DACF51008F1A13 /* QuartzCore.framework */ = {isa = PBXFileReference; lastKnownFileType = wrapper.framework; name = QuartzCore.framework; path = System/Library/Frameworks/QuartzCore.framework; sourceTree = SDKROOT; };
		4CA93A5E15DACF59008F1A13 /* Security.framework */ = {isa = PBXFileReference; lastKnownFileType = wrapper.framework; name = Security.framework; path = System/Library/Frameworks/Security.framework; sourceTree = SDKROOT; };
		4CA93A6015DACF63008F1A13 /* StoreKit.framework */ = {isa = PBXFileReference; lastKnownFileType = wrapper.framework; name = StoreKit.framework; path = System/Library/Frameworks/StoreKit.framework; sourceTree = SDKROOT; };
		4CA93A6215DACF6A008F1A13 /* SystemConfiguration.framework */ = {isa = PBXFileReference; lastKnownFileType = wrapper.framework; name = SystemConfiguration.framework; path = System/Library/Frameworks/SystemConfiguration.framework; sourceTree = SDKROOT; };
		4CA93A6415DAD0DD008F1A13 /* SubmitViewController.h */ = {isa = PBXFileReference; fileEncoding = 4; lastKnownFileType = sourcecode.c.h; path = SubmitViewController.h; sourceTree = "<group>"; };
		4CA93A6515DAD0DD008F1A13 /* SubmitViewController.m */ = {isa = PBXFileReference; fileEncoding = 4; lastKnownFileType = sourcecode.c.objc; path = SubmitViewController.m; sourceTree = "<group>"; };
		4CA93A6715DAD10D008F1A13 /* QAViewController.h */ = {isa = PBXFileReference; fileEncoding = 4; lastKnownFileType = sourcecode.c.h; path = QAViewController.h; sourceTree = "<group>"; };
		4CA93A6815DAD10D008F1A13 /* QAViewController.m */ = {isa = PBXFileReference; fileEncoding = 4; lastKnownFileType = sourcecode.c.objc; path = QAViewController.m; sourceTree = "<group>"; };
/* End PBXFileReference section */

/* Begin PBXFrameworksBuildPhase section */
		4CA93A2E15DACBB2008F1A13 /* Frameworks */ = {
			isa = PBXFrameworksBuildPhase;
			buildActionMask = 2147483647;
			files = (
				4CA93A6315DACF6A008F1A13 /* SystemConfiguration.framework in Frameworks */,
				4CA93A6115DACF63008F1A13 /* StoreKit.framework in Frameworks */,
				4CA93A5F15DACF59008F1A13 /* Security.framework in Frameworks */,
				4CA93A5D15DACF51008F1A13 /* QuartzCore.framework in Frameworks */,
				4CA93A5B15DACF48008F1A13 /* MobileCoreServices.framework in Frameworks */,
				4CA93A5915DACF3F008F1A13 /* libz.1.1.3.dylib in Frameworks */,
				4CA93A5715DACF2C008F1A13 /* CFNetwork.framework in Frameworks */,
				4CA93A5515DACF24008F1A13 /* AudioToolbox.framework in Frameworks */,
				4CA93A3615DACBB2008F1A13 /* UIKit.framework in Frameworks */,
				4CA93A3815DACBB2008F1A13 /* Foundation.framework in Frameworks */,
				4CA93A3A15DACBB2008F1A13 /* CoreGraphics.framework in Frameworks */,
				4CA93A5315DACEF5008F1A13 /* Parse.framework in Frameworks */,
			);
			runOnlyForDeploymentPostprocessing = 0;
		};
/* End PBXFrameworksBuildPhase section */

/* Begin PBXGroup section */
		4CA93A2615DACBB2008F1A13 = {
			isa = PBXGroup;
			children = (
				4CA93A3B15DACBB2008F1A13 /* Quizmaster 3000 */,
				4CA93A3415DACBB2008F1A13 /* Frameworks */,
				4CA93A3215DACBB2008F1A13 /* Products */,
			);
			sourceTree = "<group>";
		};
		4CA93A3215DACBB2008F1A13 /* Products */ = {
			isa = PBXGroup;
			children = (
				4CA93A3115DACBB2008F1A13 /* Quizmaster 3000.app */,
			);
			name = Products;
			sourceTree = "<group>";
		};
		4CA93A3415DACBB2008F1A13 /* Frameworks */ = {
			isa = PBXGroup;
			children = (
				4CA93A6215DACF6A008F1A13 /* SystemConfiguration.framework */,
				4CA93A6015DACF63008F1A13 /* StoreKit.framework */,
				4CA93A5E15DACF59008F1A13 /* Security.framework */,
				4CA93A5C15DACF51008F1A13 /* QuartzCore.framework */,
				4CA93A5A15DACF48008F1A13 /* MobileCoreServices.framework */,
				4CA93A5815DACF3F008F1A13 /* libz.1.1.3.dylib */,
				4CA93A5615DACF2C008F1A13 /* CFNetwork.framework */,
				4CA93A5415DACF24008F1A13 /* AudioToolbox.framework */,
				4CA93A5215DACEF5008F1A13 /* Parse.framework */,
				4CA93A3515DACBB2008F1A13 /* UIKit.framework */,
				4CA93A3715DACBB2008F1A13 /* Foundation.framework */,
				4CA93A3915DACBB2008F1A13 /* CoreGraphics.framework */,
			);
			name = Frameworks;
			sourceTree = "<group>";
		};
		4CA93A3B15DACBB2008F1A13 /* Quizmaster 3000 */ = {
			isa = PBXGroup;
			children = (
				4CA93A4415DACBB2008F1A13 /* AppDelegate.h */,
				4CA93A4515DACBB2008F1A13 /* AppDelegate.m */,
				4CA93A4715DACBB2008F1A13 /* MainStoryboard.storyboard */,
				4CA93A6715DAD10D008F1A13 /* QAViewController.h */,
				4CA93A6815DAD10D008F1A13 /* QAViewController.m */,
				4CA93A6415DAD0DD008F1A13 /* SubmitViewController.h */,
				4CA93A6515DAD0DD008F1A13 /* SubmitViewController.m */,
				4CA93A3C15DACBB2008F1A13 /* Supporting Files */,
			);
			path = "Quizmaster 3000";
			sourceTree = "<group>";
		};
		4CA93A3C15DACBB2008F1A13 /* Supporting Files */ = {
			isa = PBXGroup;
			children = (
				4CA93A3D15DACBB2008F1A13 /* Quizmaster 3000-Info.plist */,
				4CA93A3E15DACBB2008F1A13 /* InfoPlist.strings */,
				4CA93A4115DACBB2008F1A13 /* main.m */,
				4CA93A4315DACBB2008F1A13 /* Quizmaster 3000-Prefix.pch */,
			);
			name = "Supporting Files";
			sourceTree = "<group>";
		};
/* End PBXGroup section */

/* Begin PBXNativeTarget section */
		4CA93A3015DACBB2008F1A13 /* Quizmaster 3000 */ = {
			isa = PBXNativeTarget;
			buildConfigurationList = 4CA93A4F15DACBB2008F1A13 /* Build configuration list for PBXNativeTarget "Quizmaster 3000" */;
			buildPhases = (
				4CA93A2D15DACBB2008F1A13 /* Sources */,
				4CA93A2E15DACBB2008F1A13 /* Frameworks */,
				4CA93A2F15DACBB2008F1A13 /* Resources */,
			);
			buildRules = (
			);
			dependencies = (
			);
			name = "Quizmaster 3000";
			productName = "Quizmaster 3000";
			productReference = 4CA93A3115DACBB2008F1A13 /* Quizmaster 3000.app */;
			productType = "com.apple.product-type.application";
		};
/* End PBXNativeTarget section */

/* Begin PBXProject section */
		4CA93A2815DACBB2008F1A13 /* Project object */ = {
			isa = PBXProject;
			attributes = {
				LastUpgradeCheck = 0430;
				ORGANIZATIONNAME = "Amherst College";
			};
			buildConfigurationList = 4CA93A2B15DACBB2008F1A13 /* Build configuration list for PBXProject "Quizmaster 3000" */;
			compatibilityVersion = "Xcode 3.2";
			developmentRegion = English;
			hasScannedForEncodings = 0;
			knownRegions = (
				en,
			);
			mainGroup = 4CA93A2615DACBB2008F1A13;
			productRefGroup = 4CA93A3215DACBB2008F1A13 /* Products */;
			projectDirPath = "";
			projectRoot = "";
			targets = (
				4CA93A3015DACBB2008F1A13 /* Quizmaster 3000 */,
			);
		};
/* End PBXProject section */

/* Begin PBXResourcesBuildPhase section */
		4CA93A2F15DACBB2008F1A13 /* Resources */ = {
			isa = PBXResourcesBuildPhase;
			buildActionMask = 2147483647;
			files = (
				4CA93A4015DACBB2008F1A13 /* InfoPlist.strings in Resources */,
				4CA93A4915DACBB2008F1A13 /* MainStoryboard.storyboard in Resources */,
			);
			runOnlyForDeploymentPostprocessing = 0;
		};
/* End PBXResourcesBuildPhase section */

/* Begin PBXSourcesBuildPhase section */
		4CA93A2D15DACBB2008F1A13 /* Sources */ = {
			isa = PBXSourcesBuildPhase;
			buildActionMask = 2147483647;
			files = (
				4CA93A4215DACBB2008F1A13 /* main.m in Sources */,
				4CA93A4615DACBB2008F1A13 /* AppDelegate.m in Sources */,
				4CA93A6615DAD0DD008F1A13 /* SubmitViewController.m in Sources */,
				4CA93A6915DAD10D008F1A13 /* QAViewController.m in Sources */,
			);
			runOnlyForDeploymentPostprocessing = 0;
		};
/* End PBXSourcesBuildPhase section */

/* Begin PBXVariantGroup section */
		4CA93A3E15DACBB2008F1A13 /* InfoPlist.strings */ = {
			isa = PBXVariantGroup;
			children = (
				4CA93A3F15DACBB2008F1A13 /* en */,
			);
			name = InfoPlist.strings;
			sourceTree = "<group>";
		};
		4CA93A4715DACBB2008F1A13 /* MainStoryboard.storyboard */ = {
			isa = PBXVariantGroup;
			children = (
				4CA93A4815DACBB2008F1A13 /* en */,
			);
			name = MainStoryboard.storyboard;
			sourceTree = "<group>";
		};
/* End PBXVariantGroup section */

/* Begin XCBuildConfiguration section */
		4CA93A4D15DACBB2008F1A13 /* Debug */ = {
			isa = XCBuildConfiguration;
			buildSettings = {
				ALWAYS_SEARCH_USER_PATHS = NO;
				ARCHS = "$(ARCHS_STANDARD_32_BIT)";
				CLANG_ENABLE_OBJC_ARC = YES;
				"CODE_SIGN_IDENTITY[sdk=iphoneos*]" = "iPhone Developer";
				COPY_PHASE_STRIP = NO;
				GCC_C_LANGUAGE_STANDARD = gnu99;
				GCC_DYNAMIC_NO_PIC = NO;
				GCC_OPTIMIZATION_LEVEL = 0;
				GCC_PREPROCESSOR_DEFINITIONS = (
					"DEBUG=1",
					"$(inherited)",
				);
				GCC_SYMBOLS_PRIVATE_EXTERN = NO;
				GCC_VERSION = com.apple.compilers.llvm.clang.1_0;
				GCC_WARN_ABOUT_RETURN_TYPE = YES;
				GCC_WARN_UNINITIALIZED_AUTOS = YES;
				GCC_WARN_UNUSED_VARIABLE = YES;
				IPHONEOS_DEPLOYMENT_TARGET = 5.0;
				SDKROOT = iphoneos;
			};
			name = Debug;
		};
		4CA93A4E15DACBB2008F1A13 /* Release */ = {
			isa = XCBuildConfiguration;
			buildSettings = {
				ALWAYS_SEARCH_USER_PATHS = NO;
				ARCHS = "$(ARCHS_STANDARD_32_BIT)";
				CLANG_ENABLE_OBJC_ARC = YES;
				"CODE_SIGN_IDENTITY[sdk=iphoneos*]" = "iPhone Developer";
				COPY_PHASE_STRIP = YES;
				GCC_C_LANGUAGE_STANDARD = gnu99;
				GCC_VERSION = com.apple.compilers.llvm.clang.1_0;
				GCC_WARN_ABOUT_RETURN_TYPE = YES;
				GCC_WARN_UNINITIALIZED_AUTOS = YES;
				GCC_WARN_UNUSED_VARIABLE = YES;
				IPHONEOS_DEPLOYMENT_TARGET = 5.0;
				OTHER_CFLAGS = "-DNS_BLOCK_ASSERTIONS=1";
				SDKROOT = iphoneos;
				VALIDATE_PRODUCT = YES;
			};
			name = Release;
		};
		4CA93A5015DACBB2008F1A13 /* Debug */ = {
			isa = XCBuildConfiguration;
			buildSettings = {
				FRAMEWORK_SEARCH_PATHS = (
					"$(inherited)",
					"\"$(SRCROOT)\"",
				);
				GCC_PRECOMPILE_PREFIX_HEADER = YES;
				GCC_PREFIX_HEADER = "Quizmaster 3000/Quizmaster 3000-Prefix.pch";
				INFOPLIST_FILE = "Quizmaster 3000/Quizmaster 3000-Info.plist";
				PRODUCT_NAME = "$(TARGET_NAME)";
				WRAPPER_EXTENSION = app;
			};
			name = Debug;
		};
		4CA93A5115DACBB2008F1A13 /* Release */ = {
			isa = XCBuildConfiguration;
			buildSettings = {
				FRAMEWORK_SEARCH_PATHS = (
					"$(inherited)",
					"\"$(SRCROOT)\"",
				);
				GCC_PRECOMPILE_PREFIX_HEADER = YES;
				GCC_PREFIX_HEADER = "Quizmaster 3000/Quizmaster 3000-Prefix.pch";
				INFOPLIST_FILE = "Quizmaster 3000/Quizmaster 3000-Info.plist";
				PRODUCT_NAME = "$(TARGET_NAME)";
				WRAPPER_EXTENSION = app;
			};
			name = Release;
		};
/* End XCBuildConfiguration section */

/* Begin XCConfigurationList section */
		4CA93A2B15DACBB2008F1A13 /* Build configuration list for PBXProject "Quizmaster 3000" */ = {
			isa = XCConfigurationList;
			buildConfigurations = (
				4CA93A4D15DACBB2008F1A13 /* Debug */,
				4CA93A4E15DACBB2008F1A13 /* Release */,
			);
			defaultConfigurationIsVisible = 0;
			defaultConfigurationName = Release;
		};
		4CA93A4F15DACBB2008F1A13 /* Build configuration list for PBXNativeTarget "Quizmaster 3000" */ = {
			isa = XCConfigurationList;
			buildConfigurations = (
				4CA93A5015DACBB2008F1A13 /* Debug */,
				4CA93A5115DACBB2008F1A13 /* Release */,
			);
			defaultConfigurationIsVisible = 0;
		};
/* End XCConfigurationList section */
	};
	rootObject = 4CA93A2815DACBB2008F1A13 /* Project object */;
}
