// !$*UTF8*$!
{
	archiveVersion = 1;
	classes = {
	};
	objectVersion = 46;
	objects = {

/* Begin PBXBuildFile section */
		9A4C17C515DF0A2900ABA291 /* UIKit.framework in Frameworks */ = {isa = PBXBuildFile; fileRef = 9A4C17C415DF0A2900ABA291 /* UIKit.framework */; };
		9A4C17C715DF0A2900ABA291 /* Foundation.framework in Frameworks */ = {isa = PBXBuildFile; fileRef = 9A4C17C615DF0A2900ABA291 /* Foundation.framework */; };
		9A4C17C915DF0A2900ABA291 /* CoreGraphics.framework in Frameworks */ = {isa = PBXBuildFile; fileRef = 9A4C17C815DF0A2900ABA291 /* CoreGraphics.framework */; };
		9A4C17CF15DF0A2900ABA291 /* InfoPlist.strings in Resources */ = {isa = PBXBuildFile; fileRef = 9A4C17CD15DF0A2900ABA291 /* InfoPlist.strings */; };
		9A4C17D115DF0A2900ABA291 /* main.m in Sources */ = {isa = PBXBuildFile; fileRef = 9A4C17D015DF0A2900ABA291 /* main.m */; };
		9A4C17D515DF0A2900ABA291 /* PollMasterAppDelegate.m in Sources */ = {isa = PBXBuildFile; fileRef = 9A4C17D415DF0A2900ABA291 /* PollMasterAppDelegate.m */; };
		9A4C17DC15DF0A4A00ABA291 /* readme.md in Resources */ = {isa = PBXBuildFile; fileRef = 9A4C17DB15DF0A4A00ABA291 /* readme.md */; };
		9A4C17DE15DF0AE500ABA291 /* Parse.framework in Frameworks */ = {isa = PBXBuildFile; fileRef = 9A4C17DD15DF0AE500ABA291 /* Parse.framework */; };
		9A4C17E715DF0B3700ABA291 /* AudioToolbox.framework in Frameworks */ = {isa = PBXBuildFile; fileRef = 9A4C17DF15DF0B3700ABA291 /* AudioToolbox.framework */; };
		9A4C17E815DF0B3700ABA291 /* CFNetwork.framework in Frameworks */ = {isa = PBXBuildFile; fileRef = 9A4C17E015DF0B3700ABA291 /* CFNetwork.framework */; };
		9A4C17E915DF0B3700ABA291 /* libz.1.1.3.dylib in Frameworks */ = {isa = PBXBuildFile; fileRef = 9A4C17E115DF0B3700ABA291 /* libz.1.1.3.dylib */; };
		9A4C17EA15DF0B3700ABA291 /* MobileCoreServices.framework in Frameworks */ = {isa = PBXBuildFile; fileRef = 9A4C17E215DF0B3700ABA291 /* MobileCoreServices.framework */; };
		9A4C17EB15DF0B3700ABA291 /* QuartzCore.framework in Frameworks */ = {isa = PBXBuildFile; fileRef = 9A4C17E315DF0B3700ABA291 /* QuartzCore.framework */; };
		9A4C17EC15DF0B3700ABA291 /* Security.framework in Frameworks */ = {isa = PBXBuildFile; fileRef = 9A4C17E415DF0B3700ABA291 /* Security.framework */; };
		9A4C17ED15DF0B3700ABA291 /* StoreKit.framework in Frameworks */ = {isa = PBXBuildFile; fileRef = 9A4C17E515DF0B3700ABA291 /* StoreKit.framework */; };
		9A4C17EE15DF0B3700ABA291 /* SystemConfiguration.framework in Frameworks */ = {isa = PBXBuildFile; fileRef = 9A4C17E615DF0B3700ABA291 /* SystemConfiguration.framework */; };
		9A4C17F215DF0BF500ABA291 /* CreatePollViewController.m in Sources */ = {isa = PBXBuildFile; fileRef = 9A4C17F015DF0BF500ABA291 /* CreatePollViewController.m */; };
		9A4C17F315DF0BF500ABA291 /* CreatePollViewController.xib in Resources */ = {isa = PBXBuildFile; fileRef = 9A4C17F115DF0BF500ABA291 /* CreatePollViewController.xib */; };
		9A4C17F715DF0ED600ABA291 /* AnswerPollViewController.m in Sources */ = {isa = PBXBuildFile; fileRef = 9A4C17F515DF0ED600ABA291 /* AnswerPollViewController.m */; };
		9A4C17F815DF0ED600ABA291 /* AnswerPollViewController.xib in Resources */ = {isa = PBXBuildFile; fileRef = 9A4C17F615DF0ED600ABA291 /* AnswerPollViewController.xib */; };
		9A4C17FC15DF0F0E00ABA291 /* ResultsPollViewController.m in Sources */ = {isa = PBXBuildFile; fileRef = 9A4C17FA15DF0F0E00ABA291 /* ResultsPollViewController.m */; };
		9A4C17FD15DF0F0E00ABA291 /* ResultsPollViewController.xib in Resources */ = {isa = PBXBuildFile; fileRef = 9A4C17FB15DF0F0E00ABA291 /* ResultsPollViewController.xib */; };
		9A4C180015DF1CF500ABA291 /* PollStore.m in Sources */ = {isa = PBXBuildFile; fileRef = 9A4C17FF15DF1CF500ABA291 /* PollStore.m */; };
		9A7724B415E2FEFC00DE0195 /* DisplayAnswerPollViewController.m in Sources */ = {isa = PBXBuildFile; fileRef = 9A7724B215E2FEFC00DE0195 /* DisplayAnswerPollViewController.m */; };
		9A7724B515E2FEFC00DE0195 /* DisplayAnswerPollViewController.xib in Resources */ = {isa = PBXBuildFile; fileRef = 9A7724B315E2FEFC00DE0195 /* DisplayAnswerPollViewController.xib */; };
/* End PBXBuildFile section */

/* Begin PBXFileReference section */
		9A4C17C015DF0A2900ABA291 /* PollMaster3000.app */ = {isa = PBXFileReference; explicitFileType = wrapper.application; includeInIndex = 0; path = PollMaster3000.app; sourceTree = BUILT_PRODUCTS_DIR; };
		9A4C17C415DF0A2900ABA291 /* UIKit.framework */ = {isa = PBXFileReference; lastKnownFileType = wrapper.framework; name = UIKit.framework; path = System/Library/Frameworks/UIKit.framework; sourceTree = SDKROOT; };
		9A4C17C615DF0A2900ABA291 /* Foundation.framework */ = {isa = PBXFileReference; lastKnownFileType = wrapper.framework; name = Foundation.framework; path = System/Library/Frameworks/Foundation.framework; sourceTree = SDKROOT; };
		9A4C17C815DF0A2900ABA291 /* CoreGraphics.framework */ = {isa = PBXFileReference; lastKnownFileType = wrapper.framework; name = CoreGraphics.framework; path = System/Library/Frameworks/CoreGraphics.framework; sourceTree = SDKROOT; };
		9A4C17CC15DF0A2900ABA291 /* PollMaster3000-Info.plist */ = {isa = PBXFileReference; lastKnownFileType = text.plist.xml; path = "PollMaster3000-Info.plist"; sourceTree = "<group>"; };
		9A4C17CE15DF0A2900ABA291 /* en */ = {isa = PBXFileReference; lastKnownFileType = text.plist.strings; name = en; path = en.lproj/InfoPlist.strings; sourceTree = "<group>"; };
		9A4C17D015DF0A2900ABA291 /* main.m */ = {isa = PBXFileReference; lastKnownFileType = sourcecode.c.objc; path = main.m; sourceTree = "<group>"; };
		9A4C17D215DF0A2900ABA291 /* PollMaster3000-Prefix.pch */ = {isa = PBXFileReference; lastKnownFileType = sourcecode.c.h; path = "PollMaster3000-Prefix.pch"; sourceTree = "<group>"; };
		9A4C17D315DF0A2900ABA291 /* PollMasterAppDelegate.h */ = {isa = PBXFileReference; lastKnownFileType = sourcecode.c.h; path = PollMasterAppDelegate.h; sourceTree = "<group>"; };
		9A4C17D415DF0A2900ABA291 /* PollMasterAppDelegate.m */ = {isa = PBXFileReference; lastKnownFileType = sourcecode.c.objc; path = PollMasterAppDelegate.m; sourceTree = "<group>"; };
		9A4C17DB15DF0A4A00ABA291 /* readme.md */ = {isa = PBXFileReference; fileEncoding = 4; lastKnownFileType = text; path = readme.md; sourceTree = "<group>"; };
		9A4C17DD15DF0AE500ABA291 /* Parse.framework */ = {isa = PBXFileReference; lastKnownFileType = wrapper.framework; path = Parse.framework; sourceTree = "<group>"; };
		9A4C17DF15DF0B3700ABA291 /* AudioToolbox.framework */ = {isa = PBXFileReference; lastKnownFileType = wrapper.framework; name = AudioToolbox.framework; path = System/Library/Frameworks/AudioToolbox.framework; sourceTree = SDKROOT; };
		9A4C17E015DF0B3700ABA291 /* CFNetwork.framework */ = {isa = PBXFileReference; lastKnownFileType = wrapper.framework; name = CFNetwork.framework; path = System/Library/Frameworks/CFNetwork.framework; sourceTree = SDKROOT; };
		9A4C17E115DF0B3700ABA291 /* libz.1.1.3.dylib */ = {isa = PBXFileReference; lastKnownFileType = "compiled.mach-o.dylib"; name = libz.1.1.3.dylib; path = usr/lib/libz.1.1.3.dylib; sourceTree = SDKROOT; };
		9A4C17E215DF0B3700ABA291 /* MobileCoreServices.framework */ = {isa = PBXFileReference; lastKnownFileType = wrapper.framework; name = MobileCoreServices.framework; path = System/Library/Frameworks/MobileCoreServices.framework; sourceTree = SDKROOT; };
		9A4C17E315DF0B3700ABA291 /* QuartzCore.framework */ = {isa = PBXFileReference; lastKnownFileType = wrapper.framework; name = QuartzCore.framework; path = System/Library/Frameworks/QuartzCore.framework; sourceTree = SDKROOT; };
		9A4C17E415DF0B3700ABA291 /* Security.framework */ = {isa = PBXFileReference; lastKnownFileType = wrapper.framework; name = Security.framework; path = System/Library/Frameworks/Security.framework; sourceTree = SDKROOT; };
		9A4C17E515DF0B3700ABA291 /* StoreKit.framework */ = {isa = PBXFileReference; lastKnownFileType = wrapper.framework; name = StoreKit.framework; path = System/Library/Frameworks/StoreKit.framework; sourceTree = SDKROOT; };
		9A4C17E615DF0B3700ABA291 /* SystemConfiguration.framework */ = {isa = PBXFileReference; lastKnownFileType = wrapper.framework; name = SystemConfiguration.framework; path = System/Library/Frameworks/SystemConfiguration.framework; sourceTree = SDKROOT; };
		9A4C17EF15DF0BF500ABA291 /* CreatePollViewController.h */ = {isa = PBXFileReference; fileEncoding = 4; lastKnownFileType = sourcecode.c.h; path = CreatePollViewController.h; sourceTree = "<group>"; };
		9A4C17F015DF0BF500ABA291 /* CreatePollViewController.m */ = {isa = PBXFileReference; fileEncoding = 4; lastKnownFileType = sourcecode.c.objc; path = CreatePollViewController.m; sourceTree = "<group>"; };
		9A4C17F115DF0BF500ABA291 /* CreatePollViewController.xib */ = {isa = PBXFileReference; fileEncoding = 4; lastKnownFileType = file.xib; path = CreatePollViewController.xib; sourceTree = "<group>"; };
		9A4C17F415DF0ED600ABA291 /* AnswerPollViewController.h */ = {isa = PBXFileReference; fileEncoding = 4; lastKnownFileType = sourcecode.c.h; path = AnswerPollViewController.h; sourceTree = "<group>"; };
		9A4C17F515DF0ED600ABA291 /* AnswerPollViewController.m */ = {isa = PBXFileReference; fileEncoding = 4; lastKnownFileType = sourcecode.c.objc; path = AnswerPollViewController.m; sourceTree = "<group>"; };
		9A4C17F615DF0ED600ABA291 /* AnswerPollViewController.xib */ = {isa = PBXFileReference; fileEncoding = 4; lastKnownFileType = file.xib; path = AnswerPollViewController.xib; sourceTree = "<group>"; };
		9A4C17F915DF0F0E00ABA291 /* ResultsPollViewController.h */ = {isa = PBXFileReference; fileEncoding = 4; lastKnownFileType = sourcecode.c.h; path = ResultsPollViewController.h; sourceTree = "<group>"; };
		9A4C17FA15DF0F0E00ABA291 /* ResultsPollViewController.m */ = {isa = PBXFileReference; fileEncoding = 4; lastKnownFileType = sourcecode.c.objc; path = ResultsPollViewController.m; sourceTree = "<group>"; };
		9A4C17FB15DF0F0E00ABA291 /* ResultsPollViewController.xib */ = {isa = PBXFileReference; fileEncoding = 4; lastKnownFileType = file.xib; path = ResultsPollViewController.xib; sourceTree = "<group>"; };
		9A4C17FE15DF1CF500ABA291 /* PollStore.h */ = {isa = PBXFileReference; fileEncoding = 4; lastKnownFileType = sourcecode.c.h; path = PollStore.h; sourceTree = "<group>"; };
		9A4C17FF15DF1CF500ABA291 /* PollStore.m */ = {isa = PBXFileReference; fileEncoding = 4; lastKnownFileType = sourcecode.c.objc; path = PollStore.m; sourceTree = "<group>"; };
		9A7724B115E2FEFC00DE0195 /* DisplayAnswerPollViewController.h */ = {isa = PBXFileReference; fileEncoding = 4; lastKnownFileType = sourcecode.c.h; path = DisplayAnswerPollViewController.h; sourceTree = "<group>"; };
		9A7724B215E2FEFC00DE0195 /* DisplayAnswerPollViewController.m */ = {isa = PBXFileReference; fileEncoding = 4; lastKnownFileType = sourcecode.c.objc; path = DisplayAnswerPollViewController.m; sourceTree = "<group>"; };
		9A7724B315E2FEFC00DE0195 /* DisplayAnswerPollViewController.xib */ = {isa = PBXFileReference; fileEncoding = 4; lastKnownFileType = file.xib; path = DisplayAnswerPollViewController.xib; sourceTree = "<group>"; };
/* End PBXFileReference section */

/* Begin PBXFrameworksBuildPhase section */
		9A4C17BD15DF0A2800ABA291 /* Frameworks */ = {
			isa = PBXFrameworksBuildPhase;
			buildActionMask = 2147483647;
			files = (
				9A4C17E715DF0B3700ABA291 /* AudioToolbox.framework in Frameworks */,
				9A4C17E815DF0B3700ABA291 /* CFNetwork.framework in Frameworks */,
				9A4C17E915DF0B3700ABA291 /* libz.1.1.3.dylib in Frameworks */,
				9A4C17EA15DF0B3700ABA291 /* MobileCoreServices.framework in Frameworks */,
				9A4C17EB15DF0B3700ABA291 /* QuartzCore.framework in Frameworks */,
				9A4C17EC15DF0B3700ABA291 /* Security.framework in Frameworks */,
				9A4C17ED15DF0B3700ABA291 /* StoreKit.framework in Frameworks */,
				9A4C17EE15DF0B3700ABA291 /* SystemConfiguration.framework in Frameworks */,
				9A4C17C915DF0A2900ABA291 /* CoreGraphics.framework in Frameworks */,
				9A4C17C515DF0A2900ABA291 /* UIKit.framework in Frameworks */,
				9A4C17C715DF0A2900ABA291 /* Foundation.framework in Frameworks */,
				9A4C17DE15DF0AE500ABA291 /* Parse.framework in Frameworks */,
			);
			runOnlyForDeploymentPostprocessing = 0;
		};
/* End PBXFrameworksBuildPhase section */

/* Begin PBXGroup section */
		9A4C17B515DF0A2800ABA291 = {
			isa = PBXGroup;
			children = (
				9A4C17CA15DF0A2900ABA291 /* PollMaster3000 */,
				9A4C17C315DF0A2900ABA291 /* Frameworks */,
				9A4C17C115DF0A2900ABA291 /* Products */,
				9A4C17DB15DF0A4A00ABA291 /* readme.md */,
			);
			sourceTree = "<group>";
		};
		9A4C17C115DF0A2900ABA291 /* Products */ = {
			isa = PBXGroup;
			children = (
				9A4C17C015DF0A2900ABA291 /* PollMaster3000.app */,
			);
			name = Products;
			sourceTree = "<group>";
		};
		9A4C17C315DF0A2900ABA291 /* Frameworks */ = {
			isa = PBXGroup;
			children = (
				9A4C17DF15DF0B3700ABA291 /* AudioToolbox.framework */,
				9A4C17E015DF0B3700ABA291 /* CFNetwork.framework */,
				9A4C17E115DF0B3700ABA291 /* libz.1.1.3.dylib */,
				9A4C17E215DF0B3700ABA291 /* MobileCoreServices.framework */,
				9A4C17E315DF0B3700ABA291 /* QuartzCore.framework */,
				9A4C17E415DF0B3700ABA291 /* Security.framework */,
				9A4C17E515DF0B3700ABA291 /* StoreKit.framework */,
				9A4C17E615DF0B3700ABA291 /* SystemConfiguration.framework */,
				9A4C17DD15DF0AE500ABA291 /* Parse.framework */,
				9A4C17C415DF0A2900ABA291 /* UIKit.framework */,
				9A4C17C615DF0A2900ABA291 /* Foundation.framework */,
				9A4C17C815DF0A2900ABA291 /* CoreGraphics.framework */,
			);
			name = Frameworks;
			sourceTree = "<group>";
		};
		9A4C17CA15DF0A2900ABA291 /* PollMaster3000 */ = {
			isa = PBXGroup;
			children = (
				9A4C17D315DF0A2900ABA291 /* PollMasterAppDelegate.h */,
				9A4C17D415DF0A2900ABA291 /* PollMasterAppDelegate.m */,
				9A4C17F415DF0ED600ABA291 /* AnswerPollViewController.h */,
				9A4C17F515DF0ED600ABA291 /* AnswerPollViewController.m */,
				9A4C17F615DF0ED600ABA291 /* AnswerPollViewController.xib */,
				9A7724B115E2FEFC00DE0195 /* DisplayAnswerPollViewController.h */,
				9A7724B215E2FEFC00DE0195 /* DisplayAnswerPollViewController.m */,
				9A7724B315E2FEFC00DE0195 /* DisplayAnswerPollViewController.xib */,
				9A4C17F915DF0F0E00ABA291 /* ResultsPollViewController.h */,
				9A4C17FA15DF0F0E00ABA291 /* ResultsPollViewController.m */,
				9A4C17FB15DF0F0E00ABA291 /* ResultsPollViewController.xib */,
				9A4C17EF15DF0BF500ABA291 /* CreatePollViewController.h */,
				9A4C17F015DF0BF500ABA291 /* CreatePollViewController.m */,
				9A4C17F115DF0BF500ABA291 /* CreatePollViewController.xib */,
				9A4C17FE15DF1CF500ABA291 /* PollStore.h */,
				9A4C17FF15DF1CF500ABA291 /* PollStore.m */,
				9A4C17CB15DF0A2900ABA291 /* Supporting Files */,
			);
			path = PollMaster3000;
			sourceTree = "<group>";
		};
		9A4C17CB15DF0A2900ABA291 /* Supporting Files */ = {
			isa = PBXGroup;
			children = (
				9A4C17CC15DF0A2900ABA291 /* PollMaster3000-Info.plist */,
				9A4C17CD15DF0A2900ABA291 /* InfoPlist.strings */,
				9A4C17D015DF0A2900ABA291 /* main.m */,
				9A4C17D215DF0A2900ABA291 /* PollMaster3000-Prefix.pch */,
			);
			name = "Supporting Files";
			sourceTree = "<group>";
		};
/* End PBXGroup section */

/* Begin PBXNativeTarget section */
		9A4C17BF15DF0A2800ABA291 /* PollMaster3000 */ = {
			isa = PBXNativeTarget;
			buildConfigurationList = 9A4C17D815DF0A2900ABA291 /* Build configuration list for PBXNativeTarget "PollMaster3000" */;
			buildPhases = (
				9A4C17BC15DF0A2800ABA291 /* Sources */,
				9A4C17BD15DF0A2800ABA291 /* Frameworks */,
				9A4C17BE15DF0A2800ABA291 /* Resources */,
			);
			buildRules = (
			);
			dependencies = (
			);
			name = PollMaster3000;
			productName = PollMaster3000;
			productReference = 9A4C17C015DF0A2900ABA291 /* PollMaster3000.app */;
			productType = "com.apple.product-type.application";
		};
/* End PBXNativeTarget section */

/* Begin PBXProject section */
		9A4C17B715DF0A2800ABA291 /* Project object */ = {
			isa = PBXProject;
			attributes = {
				CLASSPREFIX = PollMaster;
				LastUpgradeCheck = 0440;
				ORGANIZATIONNAME = ChiefSquanto;
			};
			buildConfigurationList = 9A4C17BA15DF0A2800ABA291 /* Build configuration list for PBXProject "PollMaster3000" */;
			compatibilityVersion = "Xcode 3.2";
			developmentRegion = English;
			hasScannedForEncodings = 0;
			knownRegions = (
				en,
			);
			mainGroup = 9A4C17B515DF0A2800ABA291;
			productRefGroup = 9A4C17C115DF0A2900ABA291 /* Products */;
			projectDirPath = "";
			projectRoot = "";
			targets = (
				9A4C17BF15DF0A2800ABA291 /* PollMaster3000 */,
			);
		};
/* End PBXProject section */

/* Begin PBXResourcesBuildPhase section */
		9A4C17BE15DF0A2800ABA291 /* Resources */ = {
			isa = PBXResourcesBuildPhase;
			buildActionMask = 2147483647;
			files = (
				9A4C17CF15DF0A2900ABA291 /* InfoPlist.strings in Resources */,
				9A4C17DC15DF0A4A00ABA291 /* readme.md in Resources */,
				9A4C17F315DF0BF500ABA291 /* CreatePollViewController.xib in Resources */,
				9A4C17F815DF0ED600ABA291 /* AnswerPollViewController.xib in Resources */,
				9A4C17FD15DF0F0E00ABA291 /* ResultsPollViewController.xib in Resources */,
				9A7724B515E2FEFC00DE0195 /* DisplayAnswerPollViewController.xib in Resources */,
			);
			runOnlyForDeploymentPostprocessing = 0;
		};
/* End PBXResourcesBuildPhase section */

/* Begin PBXSourcesBuildPhase section */
		9A4C17BC15DF0A2800ABA291 /* Sources */ = {
			isa = PBXSourcesBuildPhase;
			buildActionMask = 2147483647;
			files = (
				9A4C17D115DF0A2900ABA291 /* main.m in Sources */,
				9A4C17D515DF0A2900ABA291 /* PollMasterAppDelegate.m in Sources */,
				9A4C17F215DF0BF500ABA291 /* CreatePollViewController.m in Sources */,
				9A4C17F715DF0ED600ABA291 /* AnswerPollViewController.m in Sources */,
				9A4C17FC15DF0F0E00ABA291 /* ResultsPollViewController.m in Sources */,
				9A4C180015DF1CF500ABA291 /* PollStore.m in Sources */,
				9A7724B415E2FEFC00DE0195 /* DisplayAnswerPollViewController.m in Sources */,
			);
			runOnlyForDeploymentPostprocessing = 0;
		};
/* End PBXSourcesBuildPhase section */

/* Begin PBXVariantGroup section */
		9A4C17CD15DF0A2900ABA291 /* InfoPlist.strings */ = {
			isa = PBXVariantGroup;
			children = (
				9A4C17CE15DF0A2900ABA291 /* en */,
			);
			name = InfoPlist.strings;
			sourceTree = "<group>";
		};
/* End PBXVariantGroup section */

/* Begin XCBuildConfiguration section */
		9A4C17D615DF0A2900ABA291 /* Debug */ = {
			isa = XCBuildConfiguration;
			buildSettings = {
				ALWAYS_SEARCH_USER_PATHS = NO;
				ARCHS = "$(ARCHS_STANDARD_32_BIT)";
				CLANG_CXX_LANGUAGE_STANDARD = "gnu++0x";
				CLANG_ENABLE_OBJC_ARC = YES;
				CLANG_WARN__DUPLICATE_METHOD_MATCH = YES;
				"CODE_SIGN_IDENTITY[sdk=iphoneos*]" = "iPhone Developer";
				COPY_PHASE_STRIP = NO;
				GCC_C_LANGUAGE_STANDARD = gnu99;
				GCC_DYNAMIC_NO_PIC = NO;
				GCC_OPTIMIZATION_LEVEL = 0;
				GCC_PREPROCESSOR_DEFINITIONS = (
					"DEBUG=1",
					"$(inherited)",
				);
				GCC_SYMBOLS_PRIVATE_EXTERN = NO;
				GCC_VERSION = com.apple.compilers.llvm.clang.1_0;
				GCC_WARN_ABOUT_RETURN_TYPE = YES;
				GCC_WARN_UNINITIALIZED_AUTOS = YES;
				GCC_WARN_UNUSED_VARIABLE = YES;
				IPHONEOS_DEPLOYMENT_TARGET = 5.1;
				SDKROOT = iphoneos;
			};
			name = Debug;
		};
		9A4C17D715DF0A2900ABA291 /* Release */ = {
			isa = XCBuildConfiguration;
			buildSettings = {
				ALWAYS_SEARCH_USER_PATHS = NO;
				ARCHS = "$(ARCHS_STANDARD_32_BIT)";
				CLANG_CXX_LANGUAGE_STANDARD = "gnu++0x";
				CLANG_ENABLE_OBJC_ARC = YES;
				CLANG_WARN__DUPLICATE_METHOD_MATCH = YES;
				"CODE_SIGN_IDENTITY[sdk=iphoneos*]" = "iPhone Developer";
				COPY_PHASE_STRIP = YES;
				GCC_C_LANGUAGE_STANDARD = gnu99;
				GCC_VERSION = com.apple.compilers.llvm.clang.1_0;
				GCC_WARN_ABOUT_RETURN_TYPE = YES;
				GCC_WARN_UNINITIALIZED_AUTOS = YES;
				GCC_WARN_UNUSED_VARIABLE = YES;
				IPHONEOS_DEPLOYMENT_TARGET = 5.1;
				OTHER_CFLAGS = "-DNS_BLOCK_ASSERTIONS=1";
				SDKROOT = iphoneos;
				VALIDATE_PRODUCT = YES;
			};
			name = Release;
		};
		9A4C17D915DF0A2900ABA291 /* Debug */ = {
			isa = XCBuildConfiguration;
			buildSettings = {
				FRAMEWORK_SEARCH_PATHS = (
					"$(inherited)",
					"\"$(SRCROOT)\"",
				);
				GCC_PRECOMPILE_PREFIX_HEADER = YES;
				GCC_PREFIX_HEADER = "PollMaster3000/PollMaster3000-Prefix.pch";
				INFOPLIST_FILE = "PollMaster3000/PollMaster3000-Info.plist";
				PRODUCT_NAME = "$(TARGET_NAME)";
				WRAPPER_EXTENSION = app;
			};
			name = Debug;
		};
		9A4C17DA15DF0A2900ABA291 /* Release */ = {
			isa = XCBuildConfiguration;
			buildSettings = {
				FRAMEWORK_SEARCH_PATHS = (
					"$(inherited)",
					"\"$(SRCROOT)\"",
				);
				GCC_PRECOMPILE_PREFIX_HEADER = YES;
				GCC_PREFIX_HEADER = "PollMaster3000/PollMaster3000-Prefix.pch";
				INFOPLIST_FILE = "PollMaster3000/PollMaster3000-Info.plist";
				PRODUCT_NAME = "$(TARGET_NAME)";
				WRAPPER_EXTENSION = app;
			};
			name = Release;
		};
/* End XCBuildConfiguration section */

/* Begin XCConfigurationList section */
		9A4C17BA15DF0A2800ABA291 /* Build configuration list for PBXProject "PollMaster3000" */ = {
			isa = XCConfigurationList;
			buildConfigurations = (
				9A4C17D615DF0A2900ABA291 /* Debug */,
				9A4C17D715DF0A2900ABA291 /* Release */,
			);
			defaultConfigurationIsVisible = 0;
			defaultConfigurationName = Release;
		};
		9A4C17D815DF0A2900ABA291 /* Build configuration list for PBXNativeTarget "PollMaster3000" */ = {
			isa = XCConfigurationList;
			buildConfigurations = (
				9A4C17D915DF0A2900ABA291 /* Debug */,
				9A4C17DA15DF0A2900ABA291 /* Release */,
			);
			defaultConfigurationIsVisible = 0;
			defaultConfigurationName = Release;
		};
/* End XCConfigurationList section */
	};
	rootObject = 9A4C17B715DF0A2800ABA291 /* Project object */;
}
